
Microsoft Visual Studio Solution File, Format Version 12.00
# Visual Studio Version 16
VisualStudioVersion = 16.0.31729.503
MinimumVisualStudioVersion = 10.0.40219.1
Project("{9A19103F-16F7-4668-BE54-9A1E7A4F7556}") = "BakeryOpenning", "BakeryOpenning.csproj", "{1E17DCB7-E7E8-4E5D-A58C-6ECA4E3B64A3}"
EndProject
Global
	GlobalSection(SolutionConfigurationPlatforms) = preSolution
		Debug|Any CPU = Debug|Any CPU
		Release|Any CPU = Release|Any CPU
	EndGlobalSection
	GlobalSection(ProjectConfigurationPlatforms) = postSolution
		{1E17DCB7-E7E8-4E5D-A58C-6ECA4E3B64A3}.Debug|Any CPU.ActiveCfg = Debug|Any CPU
		{1E17DCB7-E7E8-4E5D-A58C-6ECA4E3B64A3}.Debug|Any CPU.Build.0 = Debug|Any CPU
		{1E17DCB7-E7E8-4E5D-A58C-6ECA4E3B64A3}.Release|Any CPU.ActiveCfg = Release|Any CPU
		{1E17DCB7-E7E8-4E5D-A58C-6ECA4E3B64A3}.Release|Any CPU.Build.0 = Release|Any CPU
	EndGlobalSection
	GlobalSection(SolutionProperties) = preSolution
		HideSolutionNode = FALSE
	EndGlobalSection
	GlobalSection(ExtensibilityGlobals) = postSolution
		SolutionGuid = {67F15D72-9249-495E-AD5C-95B0B6703E86}
	EndGlobalSection
EndGlobal
