
Microsoft Visual Studio Solution File, Format Version 12.00
# Visual Studio Version 17
VisualStudioVersion = 17.0.31903.59
MinimumVisualStudioVersion = 10.0.40219.1
Project("{FAE04EC0-301F-11D3-BF4B-00C04F79EFBC}") = "Stealer", "Stealer\Stealer.csproj", "{AA10379E-A963-4CC9-B279-DD4C679662CD}"
EndProject
Project("{FAE04EC0-301F-11D3-BF4B-00C04F79EFBC}") = "AuthorProblem", "AuthorProblem\AuthorProblem.csproj", "{5E376E0D-A618-47B7-B618-372E6D2CB421}"
EndProject
Global
	GlobalSection(SolutionConfigurationPlatforms) = preSolution
		Debug|Any CPU = Debug|Any CPU
		Release|Any CPU = Release|Any CPU
	EndGlobalSection
	GlobalSection(ProjectConfigurationPlatforms) = postSolution
		{AA10379E-A963-4CC9-B279-DD4C679662CD}.Debug|Any CPU.ActiveCfg = Debug|Any CPU
		{AA10379E-A963-4CC9-B279-DD4C679662CD}.Debug|Any CPU.Build.0 = Debug|Any CPU
		{AA10379E-A963-4CC9-B279-DD4C679662CD}.Release|Any CPU.ActiveCfg = Release|Any CPU
		{AA10379E-A963-4CC9-B279-DD4C679662CD}.Release|Any CPU.Build.0 = Release|Any CPU
		{5E376E0D-A618-47B7-B618-372E6D2CB421}.Debug|Any CPU.ActiveCfg = Debug|Any CPU
		{5E376E0D-A618-47B7-B618-372E6D2CB421}.Debug|Any CPU.Build.0 = Debug|Any CPU
		{5E376E0D-A618-47B7-B618-372E6D2CB421}.Release|Any CPU.ActiveCfg = Release|Any CPU
		{5E376E0D-A618-47B7-B618-372E6D2CB421}.Release|Any CPU.Build.0 = Release|Any CPU
	EndGlobalSection
	GlobalSection(SolutionProperties) = preSolution
		HideSolutionNode = FALSE
	EndGlobalSection
	GlobalSection(ExtensibilityGlobals) = postSolution
		SolutionGuid = {5636CA89-F45E-4AB5-B997-37654A9D0FA8}
	EndGlobalSection
EndGlobal
