
Microsoft Visual Studio Solution File, Format Version 12.00
# Visual Studio Version 16
VisualStudioVersion = 16.0.30717.126
MinimumVisualStudioVersion = 10.0.40219.1
Project("{9A19103F-16F7-4668-BE54-9A1E7A4F7556}") = "01. PipesInPool", "01. PipesInPool\01. PipesInPool.csproj", "{8B4AF5EF-F2DD-47E0-8AC5-6137607F5F1B}"
EndProject
Project("{9A19103F-16F7-4668-BE54-9A1E7A4F7556}") = "02. SleepyTomCat", "02. SleepyTomCat\02. SleepyTomCat.csproj", "{9551BDFA-7D65-43E2-BE12-1E0945451D55}"
EndProject
Project("{9A19103F-16F7-4668-BE54-9A1E7A4F7556}") = "03. Harvest", "03. Harvest\03. Harvest.csproj", "{5351CE28-11C6-4CFE-982E-25DBB30C1F79}"
EndProject
Project("{9A19103F-16F7-4668-BE54-9A1E7A4F7556}") = "04. TransportPrice", "04. TransportPrice\04. TransportPrice.csproj", "{C805C78C-9E35-4AA8-AFA4-10BCF9A9383C}"
EndProject
Project("{9A19103F-16F7-4668-BE54-9A1E7A4F7556}") = "05. Firm", "05. Firm\05. Firm.csproj", "{0E17261F-B57D-40B6-9DC5-A463720EDF43}"
EndProject
Project("{FAE04EC0-301F-11D3-BF4B-00C04F79EFBC}") = "06. Pets", "06. Pets\06. Pets.csproj", "{858CDC50-3A08-4D45-A927-3B8260791277}"
EndProject
Project("{FAE04EC0-301F-11D3-BF4B-00C04F79EFBC}") = "07. FlowerShop", "07. FlowerShop\07. FlowerShop.csproj", "{AB186C75-DBBB-4355-B38D-203620D0CBF0}"
EndProject
Project("{FAE04EC0-301F-11D3-BF4B-00C04F79EFBC}") = "08. FuelTank", "08. FuelTank\08. FuelTank.csproj", "{E422C300-4ED0-479E-9D3C-1588B019D52E}"
EndProject
Project("{FAE04EC0-301F-11D3-BF4B-00C04F79EFBC}") = "08. FuelTankPart 2", "08. FuelTankPart 2\08. FuelTankPart 2.csproj", "{1ED5A02D-16DE-4EAC-87FC-19487568E191}"
EndProject
Global
	GlobalSection(SolutionConfigurationPlatforms) = preSolution
		Debug|Any CPU = Debug|Any CPU
		Release|Any CPU = Release|Any CPU
	EndGlobalSection
	GlobalSection(ProjectConfigurationPlatforms) = postSolution
		{8B4AF5EF-F2DD-47E0-8AC5-6137607F5F1B}.Debug|Any CPU.ActiveCfg = Debug|Any CPU
		{8B4AF5EF-F2DD-47E0-8AC5-6137607F5F1B}.Debug|Any CPU.Build.0 = Debug|Any CPU
		{8B4AF5EF-F2DD-47E0-8AC5-6137607F5F1B}.Release|Any CPU.ActiveCfg = Release|Any CPU
		{8B4AF5EF-F2DD-47E0-8AC5-6137607F5F1B}.Release|Any CPU.Build.0 = Release|Any CPU
		{9551BDFA-7D65-43E2-BE12-1E0945451D55}.Debug|Any CPU.ActiveCfg = Debug|Any CPU
		{9551BDFA-7D65-43E2-BE12-1E0945451D55}.Debug|Any CPU.Build.0 = Debug|Any CPU
		{9551BDFA-7D65-43E2-BE12-1E0945451D55}.Release|Any CPU.ActiveCfg = Release|Any CPU
		{9551BDFA-7D65-43E2-BE12-1E0945451D55}.Release|Any CPU.Build.0 = Release|Any CPU
		{5351CE28-11C6-4CFE-982E-25DBB30C1F79}.Debug|Any CPU.ActiveCfg = Debug|Any CPU
		{5351CE28-11C6-4CFE-982E-25DBB30C1F79}.Debug|Any CPU.Build.0 = Debug|Any CPU
		{5351CE28-11C6-4CFE-982E-25DBB30C1F79}.Release|Any CPU.ActiveCfg = Release|Any CPU
		{5351CE28-11C6-4CFE-982E-25DBB30C1F79}.Release|Any CPU.Build.0 = Release|Any CPU
		{C805C78C-9E35-4AA8-AFA4-10BCF9A9383C}.Debug|Any CPU.ActiveCfg = Debug|Any CPU
		{C805C78C-9E35-4AA8-AFA4-10BCF9A9383C}.Debug|Any CPU.Build.0 = Debug|Any CPU
		{C805C78C-9E35-4AA8-AFA4-10BCF9A9383C}.Release|Any CPU.ActiveCfg = Release|Any CPU
		{C805C78C-9E35-4AA8-AFA4-10BCF9A9383C}.Release|Any CPU.Build.0 = Release|Any CPU
		{0E17261F-B57D-40B6-9DC5-A463720EDF43}.Debug|Any CPU.ActiveCfg = Debug|Any CPU
		{0E17261F-B57D-40B6-9DC5-A463720EDF43}.Debug|Any CPU.Build.0 = Debug|Any CPU
		{0E17261F-B57D-40B6-9DC5-A463720EDF43}.Release|Any CPU.ActiveCfg = Release|Any CPU
		{0E17261F-B57D-40B6-9DC5-A463720EDF43}.Release|Any CPU.Build.0 = Release|Any CPU
		{858CDC50-3A08-4D45-A927-3B8260791277}.Debug|Any CPU.ActiveCfg = Debug|Any CPU
		{858CDC50-3A08-4D45-A927-3B8260791277}.Debug|Any CPU.Build.0 = Debug|Any CPU
		{858CDC50-3A08-4D45-A927-3B8260791277}.Release|Any CPU.ActiveCfg = Release|Any CPU
		{858CDC50-3A08-4D45-A927-3B8260791277}.Release|Any CPU.Build.0 = Release|Any CPU
		{AB186C75-DBBB-4355-B38D-203620D0CBF0}.Debug|Any CPU.ActiveCfg = Debug|Any CPU
		{AB186C75-DBBB-4355-B38D-203620D0CBF0}.Debug|Any CPU.Build.0 = Debug|Any CPU
		{AB186C75-DBBB-4355-B38D-203620D0CBF0}.Release|Any CPU.ActiveCfg = Release|Any CPU
		{AB186C75-DBBB-4355-B38D-203620D0CBF0}.Release|Any CPU.Build.0 = Release|Any CPU
		{E422C300-4ED0-479E-9D3C-1588B019D52E}.Debug|Any CPU.ActiveCfg = Debug|Any CPU
		{E422C300-4ED0-479E-9D3C-1588B019D52E}.Debug|Any CPU.Build.0 = Debug|Any CPU
		{E422C300-4ED0-479E-9D3C-1588B019D52E}.Release|Any CPU.ActiveCfg = Release|Any CPU
		{E422C300-4ED0-479E-9D3C-1588B019D52E}.Release|Any CPU.Build.0 = Release|Any CPU
		{1ED5A02D-16DE-4EAC-87FC-19487568E191}.Debug|Any CPU.ActiveCfg = Debug|Any CPU
		{1ED5A02D-16DE-4EAC-87FC-19487568E191}.Debug|Any CPU.Build.0 = Debug|Any CPU
		{1ED5A02D-16DE-4EAC-87FC-19487568E191}.Release|Any CPU.ActiveCfg = Release|Any CPU
		{1ED5A02D-16DE-4EAC-87FC-19487568E191}.Release|Any CPU.Build.0 = Release|Any CPU
	EndGlobalSection
	GlobalSection(SolutionProperties) = preSolution
		HideSolutionNode = FALSE
	EndGlobalSection
	GlobalSection(ExtensibilityGlobals) = postSolution
		SolutionGuid = {8FA64BDB-8EEA-457C-B29B-B5365C33A907}
	EndGlobalSection
EndGlobal
