
Microsoft Visual Studio Solution File, Format Version 12.00
# Visual Studio Version 16
VisualStudioVersion = 16.0.30907.101
MinimumVisualStudioVersion = 10.0.40219.1
Project("{FAE04EC0-301F-11D3-BF4B-00C04F79EFBC}") = "01.NumberPyramid", "01.NumberPyramid\01.NumberPyramid.csproj", "{20B5E25E-E468-41DA-8F26-3FCBC514F759}"
EndProject
Project("{FAE04EC0-301F-11D3-BF4B-00C04F79EFBC}") = "01.NumberPyramid2", "01.NumberPyramid2\01.NumberPyramid2.csproj", "{9FCF9858-1EC9-4C56-9436-7C6BBB11A226}"
EndProject
Project("{FAE04EC0-301F-11D3-BF4B-00C04F79EFBC}") = "02.EqualSumsEvenOddPosition", "02.EqualSumsEvenOddPosition\02.EqualSumsEvenOddPosition.csproj", "{AC107F45-1367-4C9F-B257-DB2013EA79DA}"
EndProject
Project("{FAE04EC0-301F-11D3-BF4B-00C04F79EFBC}") = "02.EqualSumsEvenOddPosition2", "02.EqualSumsEvenOddPosition2\02.EqualSumsEvenOddPosition2.csproj", "{68FBC5EF-1DB4-4EA0-85AA-99B680B457F2}"
EndProject
Project("{FAE04EC0-301F-11D3-BF4B-00C04F79EFBC}") = "03.SumPrimeNonPrime", "03.SumPrimeNonPrime\03.SumPrimeNonPrime.csproj", "{414C93B1-EB9C-46DF-9DDD-EB74A2706B80}"
EndProject
Project("{FAE04EC0-301F-11D3-BF4B-00C04F79EFBC}") = "04.TrainTheTrainers", "04.TrainTheTrainers\04.TrainTheTrainers.csproj", "{9B08B62B-34B8-42C2-939C-AB62F244FC76}"
EndProject
Project("{FAE04EC0-301F-11D3-BF4B-00C04F79EFBC}") = "05.PasswordGenerator", "05.PasswordGenerator\05.PasswordGenerator.csproj", "{26D3E4A8-E16F-42C2-9FBB-6FB3C57884EE}"
EndProject
Project("{FAE04EC0-301F-11D3-BF4B-00C04F79EFBC}") = "06.SpecialNumbers", "06.SpecialNumbers\06.SpecialNumbers.csproj", "{8375BDFE-3FFA-4028-BD8B-E6CB2C6298BF}"
EndProject
Global
	GlobalSection(SolutionConfigurationPlatforms) = preSolution
		Debug|Any CPU = Debug|Any CPU
		Release|Any CPU = Release|Any CPU
	EndGlobalSection
	GlobalSection(ProjectConfigurationPlatforms) = postSolution
		{20B5E25E-E468-41DA-8F26-3FCBC514F759}.Debug|Any CPU.ActiveCfg = Debug|Any CPU
		{20B5E25E-E468-41DA-8F26-3FCBC514F759}.Debug|Any CPU.Build.0 = Debug|Any CPU
		{20B5E25E-E468-41DA-8F26-3FCBC514F759}.Release|Any CPU.ActiveCfg = Release|Any CPU
		{20B5E25E-E468-41DA-8F26-3FCBC514F759}.Release|Any CPU.Build.0 = Release|Any CPU
		{9FCF9858-1EC9-4C56-9436-7C6BBB11A226}.Debug|Any CPU.ActiveCfg = Debug|Any CPU
		{9FCF9858-1EC9-4C56-9436-7C6BBB11A226}.Debug|Any CPU.Build.0 = Debug|Any CPU
		{9FCF9858-1EC9-4C56-9436-7C6BBB11A226}.Release|Any CPU.ActiveCfg = Release|Any CPU
		{9FCF9858-1EC9-4C56-9436-7C6BBB11A226}.Release|Any CPU.Build.0 = Release|Any CPU
		{AC107F45-1367-4C9F-B257-DB2013EA79DA}.Debug|Any CPU.ActiveCfg = Debug|Any CPU
		{AC107F45-1367-4C9F-B257-DB2013EA79DA}.Debug|Any CPU.Build.0 = Debug|Any CPU
		{AC107F45-1367-4C9F-B257-DB2013EA79DA}.Release|Any CPU.ActiveCfg = Release|Any CPU
		{AC107F45-1367-4C9F-B257-DB2013EA79DA}.Release|Any CPU.Build.0 = Release|Any CPU
		{68FBC5EF-1DB4-4EA0-85AA-99B680B457F2}.Debug|Any CPU.ActiveCfg = Debug|Any CPU
		{68FBC5EF-1DB4-4EA0-85AA-99B680B457F2}.Debug|Any CPU.Build.0 = Debug|Any CPU
		{68FBC5EF-1DB4-4EA0-85AA-99B680B457F2}.Release|Any CPU.ActiveCfg = Release|Any CPU
		{68FBC5EF-1DB4-4EA0-85AA-99B680B457F2}.Release|Any CPU.Build.0 = Release|Any CPU
		{414C93B1-EB9C-46DF-9DDD-EB74A2706B80}.Debug|Any CPU.ActiveCfg = Debug|Any CPU
		{414C93B1-EB9C-46DF-9DDD-EB74A2706B80}.Debug|Any CPU.Build.0 = Debug|Any CPU
		{414C93B1-EB9C-46DF-9DDD-EB74A2706B80}.Release|Any CPU.ActiveCfg = Release|Any CPU
		{414C93B1-EB9C-46DF-9DDD-EB74A2706B80}.Release|Any CPU.Build.0 = Release|Any CPU
		{9B08B62B-34B8-42C2-939C-AB62F244FC76}.Debug|Any CPU.ActiveCfg = Debug|Any CPU
		{9B08B62B-34B8-42C2-939C-AB62F244FC76}.Debug|Any CPU.Build.0 = Debug|Any CPU
		{9B08B62B-34B8-42C2-939C-AB62F244FC76}.Release|Any CPU.ActiveCfg = Release|Any CPU
		{9B08B62B-34B8-42C2-939C-AB62F244FC76}.Release|Any CPU.Build.0 = Release|Any CPU
		{26D3E4A8-E16F-42C2-9FBB-6FB3C57884EE}.Debug|Any CPU.ActiveCfg = Debug|Any CPU
		{26D3E4A8-E16F-42C2-9FBB-6FB3C57884EE}.Debug|Any CPU.Build.0 = Debug|Any CPU
		{26D3E4A8-E16F-42C2-9FBB-6FB3C57884EE}.Release|Any CPU.ActiveCfg = Release|Any CPU
		{26D3E4A8-E16F-42C2-9FBB-6FB3C57884EE}.Release|Any CPU.Build.0 = Release|Any CPU
		{8375BDFE-3FFA-4028-BD8B-E6CB2C6298BF}.Debug|Any CPU.ActiveCfg = Debug|Any CPU
		{8375BDFE-3FFA-4028-BD8B-E6CB2C6298BF}.Debug|Any CPU.Build.0 = Debug|Any CPU
		{8375BDFE-3FFA-4028-BD8B-E6CB2C6298BF}.Release|Any CPU.ActiveCfg = Release|Any CPU
		{8375BDFE-3FFA-4028-BD8B-E6CB2C6298BF}.Release|Any CPU.Build.0 = Release|Any CPU
	EndGlobalSection
	GlobalSection(SolutionProperties) = preSolution
		HideSolutionNode = FALSE
	EndGlobalSection
	GlobalSection(ExtensibilityGlobals) = postSolution
		SolutionGuid = {E06B7772-C20D-463B-9046-D3E220744A33}
	EndGlobalSection
EndGlobal
