
Microsoft Visual Studio Solution File, Format Version 12.00
# Visual Studio Version 16
VisualStudioVersion = 16.0.30907.101
MinimumVisualStudioVersion = 10.0.40219.1
Project("{FAE04EC0-301F-11D3-BF4B-00C04F79EFBC}") = "01.Repainting", "01.Repainting\01.Repainting.csproj", "{325C7AF1-6E42-4C66-9A0C-03E634ABDD75}"
EndProject
Project("{FAE04EC0-301F-11D3-BF4B-00C04F79EFBC}") = "02.Shopping", "02.Shopping\02.Shopping.csproj", "{E669BFA8-D4A5-4502-8083-81F132DB2958}"
EndProject
Project("{FAE04EC0-301F-11D3-BF4B-00C04F79EFBC}") = "03.TravelAgency", "03.TravelAgency\03.TravelAgency.csproj", "{CA446A73-0DC9-4BCA-BDD1-39190AFEAFFD}"
EndProject
Project("{FAE04EC0-301F-11D3-BF4B-00C04F79EFBC}") = "04.Renovation", "04.Renovation\04.Renovation.csproj", "{5218E8AE-3C34-46E1-94A0-7AA3BB7CDA51}"
EndProject
Project("{FAE04EC0-301F-11D3-BF4B-00C04F79EFBC}") = "05.FootballTournament", "05.FootballTournament\05.FootballTournament.csproj", "{95306116-4C6A-4155-A3B2-1F26D61F609C}"
EndProject
Project("{FAE04EC0-301F-11D3-BF4B-00C04F79EFBC}") = "06.TheMostPowerfulWord", "06.TheMostPowerfulWord\06.TheMostPowerfulWord.csproj", "{D9E9A18C-FB48-439B-9C99-249BC970142B}"
EndProject
Global
	GlobalSection(SolutionConfigurationPlatforms) = preSolution
		Debug|Any CPU = Debug|Any CPU
		Release|Any CPU = Release|Any CPU
	EndGlobalSection
	GlobalSection(ProjectConfigurationPlatforms) = postSolution
		{325C7AF1-6E42-4C66-9A0C-03E634ABDD75}.Debug|Any CPU.ActiveCfg = Debug|Any CPU
		{325C7AF1-6E42-4C66-9A0C-03E634ABDD75}.Debug|Any CPU.Build.0 = Debug|Any CPU
		{325C7AF1-6E42-4C66-9A0C-03E634ABDD75}.Release|Any CPU.ActiveCfg = Release|Any CPU
		{325C7AF1-6E42-4C66-9A0C-03E634ABDD75}.Release|Any CPU.Build.0 = Release|Any CPU
		{E669BFA8-D4A5-4502-8083-81F132DB2958}.Debug|Any CPU.ActiveCfg = Debug|Any CPU
		{E669BFA8-D4A5-4502-8083-81F132DB2958}.Debug|Any CPU.Build.0 = Debug|Any CPU
		{E669BFA8-D4A5-4502-8083-81F132DB2958}.Release|Any CPU.ActiveCfg = Release|Any CPU
		{E669BFA8-D4A5-4502-8083-81F132DB2958}.Release|Any CPU.Build.0 = Release|Any CPU
		{CA446A73-0DC9-4BCA-BDD1-39190AFEAFFD}.Debug|Any CPU.ActiveCfg = Debug|Any CPU
		{CA446A73-0DC9-4BCA-BDD1-39190AFEAFFD}.Debug|Any CPU.Build.0 = Debug|Any CPU
		{CA446A73-0DC9-4BCA-BDD1-39190AFEAFFD}.Release|Any CPU.ActiveCfg = Release|Any CPU
		{CA446A73-0DC9-4BCA-BDD1-39190AFEAFFD}.Release|Any CPU.Build.0 = Release|Any CPU
		{5218E8AE-3C34-46E1-94A0-7AA3BB7CDA51}.Debug|Any CPU.ActiveCfg = Debug|Any CPU
		{5218E8AE-3C34-46E1-94A0-7AA3BB7CDA51}.Debug|Any CPU.Build.0 = Debug|Any CPU
		{5218E8AE-3C34-46E1-94A0-7AA3BB7CDA51}.Release|Any CPU.ActiveCfg = Release|Any CPU
		{5218E8AE-3C34-46E1-94A0-7AA3BB7CDA51}.Release|Any CPU.Build.0 = Release|Any CPU
		{95306116-4C6A-4155-A3B2-1F26D61F609C}.Debug|Any CPU.ActiveCfg = Debug|Any CPU
		{95306116-4C6A-4155-A3B2-1F26D61F609C}.Debug|Any CPU.Build.0 = Debug|Any CPU
		{95306116-4C6A-4155-A3B2-1F26D61F609C}.Release|Any CPU.ActiveCfg = Release|Any CPU
		{95306116-4C6A-4155-A3B2-1F26D61F609C}.Release|Any CPU.Build.0 = Release|Any CPU
		{D9E9A18C-FB48-439B-9C99-249BC970142B}.Debug|Any CPU.ActiveCfg = Debug|Any CPU
		{D9E9A18C-FB48-439B-9C99-249BC970142B}.Debug|Any CPU.Build.0 = Debug|Any CPU
		{D9E9A18C-FB48-439B-9C99-249BC970142B}.Release|Any CPU.ActiveCfg = Release|Any CPU
		{D9E9A18C-FB48-439B-9C99-249BC970142B}.Release|Any CPU.Build.0 = Release|Any CPU
	EndGlobalSection
	GlobalSection(SolutionProperties) = preSolution
		HideSolutionNode = FALSE
	EndGlobalSection
	GlobalSection(ExtensibilityGlobals) = postSolution
		SolutionGuid = {57174E4E-82C5-4EC5-8C7D-A1F2238BA1E6}
	EndGlobalSection
EndGlobal
