
Microsoft Visual Studio Solution File, Format Version 12.00
# Visual Studio Version 16
VisualStudioVersion = 16.0.30907.101
MinimumVisualStudioVersion = 10.0.40219.1
Project("{FAE04EC0-301F-11D3-BF4B-00C04F79EFBC}") = "01.RectangleOf 10x 10Stars", "01.RectangleOf 10x 10Stars\01.RectangleOf 10x 10Stars.csproj", "{C760A61B-4EAC-4805-9F65-4A4CA7118632}"
EndProject
Project("{FAE04EC0-301F-11D3-BF4B-00C04F79EFBC}") = "02.RectangleOfNxNStars", "02.RectangleOfNxNStars\02.RectangleOfNxNStars.csproj", "{60DCB14A-AB82-4091-BB58-8B3A7568042A}"
EndProject
Project("{FAE04EC0-301F-11D3-BF4B-00C04F79EFBC}") = "03.SquareOfStars", "03.SquareOfStars\03.SquareOfStars.csproj", "{07110042-8B51-488B-9EE5-ED58AEB0B29F}"
EndProject
Project("{FAE04EC0-301F-11D3-BF4B-00C04F79EFBC}") = "04.TriangleOfDollars", "04.TriangleOfDollars\04.TriangleOfDollars.csproj", "{F4233FD4-D4C7-4FE0-A8E6-E1DEF1003215}"
EndProject
Project("{FAE04EC0-301F-11D3-BF4B-00C04F79EFBC}") = "05.SquareFrame", "05.SquareFrame\05.SquareFrame.csproj", "{D4996744-ABE6-4EBF-9098-F26CE703BC48}"
EndProject
Project("{FAE04EC0-301F-11D3-BF4B-00C04F79EFBC}") = "06.RhombusOfStars", "06.RhombusOfStars\06.RhombusOfStars.csproj", "{71E0C156-E35D-454C-8FFA-9CA6F51E6AC3}"
EndProject
Project("{FAE04EC0-301F-11D3-BF4B-00C04F79EFBC}") = "07.ChristmasTree", "07.ChristmasTree\07.ChristmasTree.csproj", "{F3ED6383-8E25-4BE6-90E5-9B13FD0DEC86}"
EndProject
Project("{FAE04EC0-301F-11D3-BF4B-00C04F79EFBC}") = "08.Sunglasses", "08.Sunglasses\08.Sunglasses.csproj", "{DE638FF6-4121-4DF3-B132-6BE88BC15A66}"
EndProject
Project("{FAE04EC0-301F-11D3-BF4B-00C04F79EFBC}") = "09.House", "09.House\09.House.csproj", "{A725559B-F695-434D-93D1-C1E372B0EA3F}"
EndProject
Project("{FAE04EC0-301F-11D3-BF4B-00C04F79EFBC}") = "10.Diamond", "10.Diamond\10.Diamond.csproj", "{C15435C0-C086-454E-90C5-F79F80A9E12D}"
EndProject
Global
	GlobalSection(SolutionConfigurationPlatforms) = preSolution
		Debug|Any CPU = Debug|Any CPU
		Release|Any CPU = Release|Any CPU
	EndGlobalSection
	GlobalSection(ProjectConfigurationPlatforms) = postSolution
		{C760A61B-4EAC-4805-9F65-4A4CA7118632}.Debug|Any CPU.ActiveCfg = Debug|Any CPU
		{C760A61B-4EAC-4805-9F65-4A4CA7118632}.Debug|Any CPU.Build.0 = Debug|Any CPU
		{C760A61B-4EAC-4805-9F65-4A4CA7118632}.Release|Any CPU.ActiveCfg = Release|Any CPU
		{C760A61B-4EAC-4805-9F65-4A4CA7118632}.Release|Any CPU.Build.0 = Release|Any CPU
		{60DCB14A-AB82-4091-BB58-8B3A7568042A}.Debug|Any CPU.ActiveCfg = Debug|Any CPU
		{60DCB14A-AB82-4091-BB58-8B3A7568042A}.Debug|Any CPU.Build.0 = Debug|Any CPU
		{60DCB14A-AB82-4091-BB58-8B3A7568042A}.Release|Any CPU.ActiveCfg = Release|Any CPU
		{60DCB14A-AB82-4091-BB58-8B3A7568042A}.Release|Any CPU.Build.0 = Release|Any CPU
		{07110042-8B51-488B-9EE5-ED58AEB0B29F}.Debug|Any CPU.ActiveCfg = Debug|Any CPU
		{07110042-8B51-488B-9EE5-ED58AEB0B29F}.Debug|Any CPU.Build.0 = Debug|Any CPU
		{07110042-8B51-488B-9EE5-ED58AEB0B29F}.Release|Any CPU.ActiveCfg = Release|Any CPU
		{07110042-8B51-488B-9EE5-ED58AEB0B29F}.Release|Any CPU.Build.0 = Release|Any CPU
		{F4233FD4-D4C7-4FE0-A8E6-E1DEF1003215}.Debug|Any CPU.ActiveCfg = Debug|Any CPU
		{F4233FD4-D4C7-4FE0-A8E6-E1DEF1003215}.Debug|Any CPU.Build.0 = Debug|Any CPU
		{F4233FD4-D4C7-4FE0-A8E6-E1DEF1003215}.Release|Any CPU.ActiveCfg = Release|Any CPU
		{F4233FD4-D4C7-4FE0-A8E6-E1DEF1003215}.Release|Any CPU.Build.0 = Release|Any CPU
		{D4996744-ABE6-4EBF-9098-F26CE703BC48}.Debug|Any CPU.ActiveCfg = Debug|Any CPU
		{D4996744-ABE6-4EBF-9098-F26CE703BC48}.Debug|Any CPU.Build.0 = Debug|Any CPU
		{D4996744-ABE6-4EBF-9098-F26CE703BC48}.Release|Any CPU.ActiveCfg = Release|Any CPU
		{D4996744-ABE6-4EBF-9098-F26CE703BC48}.Release|Any CPU.Build.0 = Release|Any CPU
		{71E0C156-E35D-454C-8FFA-9CA6F51E6AC3}.Debug|Any CPU.ActiveCfg = Debug|Any CPU
		{71E0C156-E35D-454C-8FFA-9CA6F51E6AC3}.Debug|Any CPU.Build.0 = Debug|Any CPU
		{71E0C156-E35D-454C-8FFA-9CA6F51E6AC3}.Release|Any CPU.ActiveCfg = Release|Any CPU
		{71E0C156-E35D-454C-8FFA-9CA6F51E6AC3}.Release|Any CPU.Build.0 = Release|Any CPU
		{F3ED6383-8E25-4BE6-90E5-9B13FD0DEC86}.Debug|Any CPU.ActiveCfg = Debug|Any CPU
		{F3ED6383-8E25-4BE6-90E5-9B13FD0DEC86}.Debug|Any CPU.Build.0 = Debug|Any CPU
		{F3ED6383-8E25-4BE6-90E5-9B13FD0DEC86}.Release|Any CPU.ActiveCfg = Release|Any CPU
		{F3ED6383-8E25-4BE6-90E5-9B13FD0DEC86}.Release|Any CPU.Build.0 = Release|Any CPU
		{DE638FF6-4121-4DF3-B132-6BE88BC15A66}.Debug|Any CPU.ActiveCfg = Debug|Any CPU
		{DE638FF6-4121-4DF3-B132-6BE88BC15A66}.Debug|Any CPU.Build.0 = Debug|Any CPU
		{DE638FF6-4121-4DF3-B132-6BE88BC15A66}.Release|Any CPU.ActiveCfg = Release|Any CPU
		{DE638FF6-4121-4DF3-B132-6BE88BC15A66}.Release|Any CPU.Build.0 = Release|Any CPU
		{A725559B-F695-434D-93D1-C1E372B0EA3F}.Debug|Any CPU.ActiveCfg = Debug|Any CPU
		{A725559B-F695-434D-93D1-C1E372B0EA3F}.Debug|Any CPU.Build.0 = Debug|Any CPU
		{A725559B-F695-434D-93D1-C1E372B0EA3F}.Release|Any CPU.ActiveCfg = Release|Any CPU
		{A725559B-F695-434D-93D1-C1E372B0EA3F}.Release|Any CPU.Build.0 = Release|Any CPU
		{C15435C0-C086-454E-90C5-F79F80A9E12D}.Debug|Any CPU.ActiveCfg = Debug|Any CPU
		{C15435C0-C086-454E-90C5-F79F80A9E12D}.Debug|Any CPU.Build.0 = Debug|Any CPU
		{C15435C0-C086-454E-90C5-F79F80A9E12D}.Release|Any CPU.ActiveCfg = Release|Any CPU
		{C15435C0-C086-454E-90C5-F79F80A9E12D}.Release|Any CPU.Build.0 = Release|Any CPU
	EndGlobalSection
	GlobalSection(SolutionProperties) = preSolution
		HideSolutionNode = FALSE
	EndGlobalSection
	GlobalSection(ExtensibilityGlobals) = postSolution
		SolutionGuid = {AEF52FB5-9BA1-4D53-9632-67BA009E69F1}
	EndGlobalSection
EndGlobal
