
Microsoft Visual Studio Solution File, Format Version 12.00
# Visual Studio Version 16
VisualStudioVersion = 16.0.30907.101
MinimumVisualStudioVersion = 10.0.40219.1
Project("{9A19103F-16F7-4668-BE54-9A1E7A4F7556}") = "01.AgencyProfit", "01.AgencyProfit\01.AgencyProfit.csproj", "{8397F8DE-9DEC-4BFD-9221-C6FC19B39DDE}"
EndProject
Project("{9A19103F-16F7-4668-BE54-9A1E7A4F7556}") = "02.AddBags", "02.AddBags\02.AddBags.csproj", "{CCA158CB-F46D-461C-A72F-0DD7F117A566}"
EndProject
Project("{9A19103F-16F7-4668-BE54-9A1E7A4F7556}") = "03.AluminumJoinery", "03.AluminumJoinery\03.AluminumJoinery.csproj", "{70201C71-F31F-4B06-91E3-9C9BE35C0ED8}"
EndProject
Project("{9A19103F-16F7-4668-BE54-9A1E7A4F7556}") = "04.Balls", "04.Balls\04.Balls.csproj", "{9B41109C-1E36-49C7-AD8D-0923F3644885}"
EndProject
Project("{9A19103F-16F7-4668-BE54-9A1E7A4F7556}") = "05.BestPlayer", "05.BestPlayer\05.BestPlayer.csproj", "{CF571268-ABA7-4320-9286-01A6419075D4}"
EndProject
Project("{9A19103F-16F7-4668-BE54-9A1E7A4F7556}") = "06.BarcodeGenerator", "06.BarcodeGenerator\06.BarcodeGenerator.csproj", "{6DE2CCF4-43D3-43F0-8FC9-AC64E2DBFB9B}"
EndProject
Project("{FAE04EC0-301F-11D3-BF4B-00C04F79EFBC}") = "06.BarcodeGenerator2", "06.BarcodeGenerator2\06.BarcodeGenerator2.csproj", "{84A6EF65-9E03-4B1F-821D-01F94B0ECBC0}"
EndProject
Global
	GlobalSection(SolutionConfigurationPlatforms) = preSolution
		Debug|Any CPU = Debug|Any CPU
		Release|Any CPU = Release|Any CPU
	EndGlobalSection
	GlobalSection(ProjectConfigurationPlatforms) = postSolution
		{8397F8DE-9DEC-4BFD-9221-C6FC19B39DDE}.Debug|Any CPU.ActiveCfg = Debug|Any CPU
		{8397F8DE-9DEC-4BFD-9221-C6FC19B39DDE}.Debug|Any CPU.Build.0 = Debug|Any CPU
		{8397F8DE-9DEC-4BFD-9221-C6FC19B39DDE}.Release|Any CPU.ActiveCfg = Release|Any CPU
		{8397F8DE-9DEC-4BFD-9221-C6FC19B39DDE}.Release|Any CPU.Build.0 = Release|Any CPU
		{CCA158CB-F46D-461C-A72F-0DD7F117A566}.Debug|Any CPU.ActiveCfg = Debug|Any CPU
		{CCA158CB-F46D-461C-A72F-0DD7F117A566}.Debug|Any CPU.Build.0 = Debug|Any CPU
		{CCA158CB-F46D-461C-A72F-0DD7F117A566}.Release|Any CPU.ActiveCfg = Release|Any CPU
		{CCA158CB-F46D-461C-A72F-0DD7F117A566}.Release|Any CPU.Build.0 = Release|Any CPU
		{70201C71-F31F-4B06-91E3-9C9BE35C0ED8}.Debug|Any CPU.ActiveCfg = Debug|Any CPU
		{70201C71-F31F-4B06-91E3-9C9BE35C0ED8}.Debug|Any CPU.Build.0 = Debug|Any CPU
		{70201C71-F31F-4B06-91E3-9C9BE35C0ED8}.Release|Any CPU.ActiveCfg = Release|Any CPU
		{70201C71-F31F-4B06-91E3-9C9BE35C0ED8}.Release|Any CPU.Build.0 = Release|Any CPU
		{9B41109C-1E36-49C7-AD8D-0923F3644885}.Debug|Any CPU.ActiveCfg = Debug|Any CPU
		{9B41109C-1E36-49C7-AD8D-0923F3644885}.Debug|Any CPU.Build.0 = Debug|Any CPU
		{9B41109C-1E36-49C7-AD8D-0923F3644885}.Release|Any CPU.ActiveCfg = Release|Any CPU
		{9B41109C-1E36-49C7-AD8D-0923F3644885}.Release|Any CPU.Build.0 = Release|Any CPU
		{CF571268-ABA7-4320-9286-01A6419075D4}.Debug|Any CPU.ActiveCfg = Debug|Any CPU
		{CF571268-ABA7-4320-9286-01A6419075D4}.Debug|Any CPU.Build.0 = Debug|Any CPU
		{CF571268-ABA7-4320-9286-01A6419075D4}.Release|Any CPU.ActiveCfg = Release|Any CPU
		{CF571268-ABA7-4320-9286-01A6419075D4}.Release|Any CPU.Build.0 = Release|Any CPU
		{6DE2CCF4-43D3-43F0-8FC9-AC64E2DBFB9B}.Debug|Any CPU.ActiveCfg = Debug|Any CPU
		{6DE2CCF4-43D3-43F0-8FC9-AC64E2DBFB9B}.Debug|Any CPU.Build.0 = Debug|Any CPU
		{6DE2CCF4-43D3-43F0-8FC9-AC64E2DBFB9B}.Release|Any CPU.ActiveCfg = Release|Any CPU
		{6DE2CCF4-43D3-43F0-8FC9-AC64E2DBFB9B}.Release|Any CPU.Build.0 = Release|Any CPU
		{84A6EF65-9E03-4B1F-821D-01F94B0ECBC0}.Debug|Any CPU.ActiveCfg = Debug|Any CPU
		{84A6EF65-9E03-4B1F-821D-01F94B0ECBC0}.Debug|Any CPU.Build.0 = Debug|Any CPU
		{84A6EF65-9E03-4B1F-821D-01F94B0ECBC0}.Release|Any CPU.ActiveCfg = Release|Any CPU
		{84A6EF65-9E03-4B1F-821D-01F94B0ECBC0}.Release|Any CPU.Build.0 = Release|Any CPU
	EndGlobalSection
	GlobalSection(SolutionProperties) = preSolution
		HideSolutionNode = FALSE
	EndGlobalSection
	GlobalSection(ExtensibilityGlobals) = postSolution
		SolutionGuid = {EC90DEFD-5EA9-4753-97FF-BA2067D07871}
	EndGlobalSection
EndGlobal
