
Microsoft Visual Studio Solution File, Format Version 12.00
# Visual Studio Version 16
VisualStudioVersion = 16.0.30907.101
MinimumVisualStudioVersion = 10.0.40219.1
Project("{9A19103F-16F7-4668-BE54-9A1E7A4F7556}") = "01.Dishwasher", "01.Dishwasher\01.Dishwasher.csproj", "{7DDD3510-F8B6-4FC0-B124-0C1FBBD80F13}"
EndProject
Project("{FAE04EC0-301F-11D3-BF4B-00C04F79EFBC}") = "02.ReportSystem", "02.ReportSystem\02.ReportSystem.csproj", "{77298087-A12E-4AF1-B56A-E13E282DD4CD}"
EndProject
Project("{FAE04EC0-301F-11D3-BF4B-00C04F79EFBC}") = "03.StreamOfLetters", "03.StreamOfLetters\03.StreamOfLetters.csproj", "{430265A3-E3A7-4713-83FC-25DBDDFF6CC9}"
EndProject
Project("{FAE04EC0-301F-11D3-BF4B-00C04F79EFBC}") = "04.NumbersDividedBy3WithoutRemindere", "04.NumbersDividedBy3WithoutRemindere\04.NumbersDividedBy3WithoutRemindere.csproj", "{9135ADEC-EDC2-475A-9664-61EF899A0502}"
EndProject
Project("{FAE04EC0-301F-11D3-BF4B-00C04F79EFBC}") = "05.AverageNumber", "05.AverageNumber\05.AverageNumber.csproj", "{019F221C-5E00-4D9C-A683-EAF8CDE3897D}"
EndProject
Global
	GlobalSection(SolutionConfigurationPlatforms) = preSolution
		Debug|Any CPU = Debug|Any CPU
		Release|Any CPU = Release|Any CPU
	EndGlobalSection
	GlobalSection(ProjectConfigurationPlatforms) = postSolution
		{7DDD3510-F8B6-4FC0-B124-0C1FBBD80F13}.Debug|Any CPU.ActiveCfg = Debug|Any CPU
		{7DDD3510-F8B6-4FC0-B124-0C1FBBD80F13}.Debug|Any CPU.Build.0 = Debug|Any CPU
		{7DDD3510-F8B6-4FC0-B124-0C1FBBD80F13}.Release|Any CPU.ActiveCfg = Release|Any CPU
		{7DDD3510-F8B6-4FC0-B124-0C1FBBD80F13}.Release|Any CPU.Build.0 = Release|Any CPU
		{77298087-A12E-4AF1-B56A-E13E282DD4CD}.Debug|Any CPU.ActiveCfg = Debug|Any CPU
		{77298087-A12E-4AF1-B56A-E13E282DD4CD}.Debug|Any CPU.Build.0 = Debug|Any CPU
		{77298087-A12E-4AF1-B56A-E13E282DD4CD}.Release|Any CPU.ActiveCfg = Release|Any CPU
		{77298087-A12E-4AF1-B56A-E13E282DD4CD}.Release|Any CPU.Build.0 = Release|Any CPU
		{430265A3-E3A7-4713-83FC-25DBDDFF6CC9}.Debug|Any CPU.ActiveCfg = Debug|Any CPU
		{430265A3-E3A7-4713-83FC-25DBDDFF6CC9}.Debug|Any CPU.Build.0 = Debug|Any CPU
		{430265A3-E3A7-4713-83FC-25DBDDFF6CC9}.Release|Any CPU.ActiveCfg = Release|Any CPU
		{430265A3-E3A7-4713-83FC-25DBDDFF6CC9}.Release|Any CPU.Build.0 = Release|Any CPU
		{9135ADEC-EDC2-475A-9664-61EF899A0502}.Debug|Any CPU.ActiveCfg = Debug|Any CPU
		{9135ADEC-EDC2-475A-9664-61EF899A0502}.Debug|Any CPU.Build.0 = Debug|Any CPU
		{9135ADEC-EDC2-475A-9664-61EF899A0502}.Release|Any CPU.ActiveCfg = Release|Any CPU
		{9135ADEC-EDC2-475A-9664-61EF899A0502}.Release|Any CPU.Build.0 = Release|Any CPU
		{019F221C-5E00-4D9C-A683-EAF8CDE3897D}.Debug|Any CPU.ActiveCfg = Debug|Any CPU
		{019F221C-5E00-4D9C-A683-EAF8CDE3897D}.Debug|Any CPU.Build.0 = Debug|Any CPU
		{019F221C-5E00-4D9C-A683-EAF8CDE3897D}.Release|Any CPU.ActiveCfg = Release|Any CPU
		{019F221C-5E00-4D9C-A683-EAF8CDE3897D}.Release|Any CPU.Build.0 = Release|Any CPU
	EndGlobalSection
	GlobalSection(SolutionProperties) = preSolution
		HideSolutionNode = FALSE
	EndGlobalSection
	GlobalSection(ExtensibilityGlobals) = postSolution
		SolutionGuid = {293C0A6A-FA35-43CB-8EA7-446A58AA7ADD}
	EndGlobalSection
EndGlobal
