
Microsoft Visual Studio Solution File, Format Version 12.00
# Visual Studio Version 16
VisualStudioVersion = 16.0.31229.75
MinimumVisualStudioVersion = 10.0.40219.1
Project("{FAE04EC0-301F-11D3-BF4B-00C04F79EFBC}") = "01.DataTypes", "01.DataTypes\01.DataTypes.csproj", "{63E15541-6835-4C28-B828-75CF1A1A1CA3}"
EndProject
Project("{FAE04EC0-301F-11D3-BF4B-00C04F79EFBC}") = "02.CenterPoint", "02.CenterPoint\02.CenterPoint.csproj", "{EFBDC277-D621-422F-9719-623242E11EF8}"
EndProject
Project("{FAE04EC0-301F-11D3-BF4B-00C04F79EFBC}") = "03.LongerLine", "03.LongerLine\03.LongerLine.csproj", "{E979DC14-14E7-4A3C-8846-CC65F42353FA}"
EndProject
Project("{FAE04EC0-301F-11D3-BF4B-00C04F79EFBC}") = "04.TribonacciSequence", "04.TribonacciSequence\04.TribonacciSequence.csproj", "{7E1A08D3-069F-419D-A324-1EBDC850CABC}"
EndProject
Project("{FAE04EC0-301F-11D3-BF4B-00C04F79EFBC}") = "05.MultiplicationSign", "05.MultiplicationSign\05.MultiplicationSign.csproj", "{201AA377-2119-4C15-BEF2-098CE30B425A}"
EndProject
Global
	GlobalSection(SolutionConfigurationPlatforms) = preSolution
		Debug|Any CPU = Debug|Any CPU
		Release|Any CPU = Release|Any CPU
	EndGlobalSection
	GlobalSection(ProjectConfigurationPlatforms) = postSolution
		{63E15541-6835-4C28-B828-75CF1A1A1CA3}.Debug|Any CPU.ActiveCfg = Debug|Any CPU
		{63E15541-6835-4C28-B828-75CF1A1A1CA3}.Debug|Any CPU.Build.0 = Debug|Any CPU
		{63E15541-6835-4C28-B828-75CF1A1A1CA3}.Release|Any CPU.ActiveCfg = Release|Any CPU
		{63E15541-6835-4C28-B828-75CF1A1A1CA3}.Release|Any CPU.Build.0 = Release|Any CPU
		{EFBDC277-D621-422F-9719-623242E11EF8}.Debug|Any CPU.ActiveCfg = Debug|Any CPU
		{EFBDC277-D621-422F-9719-623242E11EF8}.Debug|Any CPU.Build.0 = Debug|Any CPU
		{EFBDC277-D621-422F-9719-623242E11EF8}.Release|Any CPU.ActiveCfg = Release|Any CPU
		{EFBDC277-D621-422F-9719-623242E11EF8}.Release|Any CPU.Build.0 = Release|Any CPU
		{E979DC14-14E7-4A3C-8846-CC65F42353FA}.Debug|Any CPU.ActiveCfg = Debug|Any CPU
		{E979DC14-14E7-4A3C-8846-CC65F42353FA}.Debug|Any CPU.Build.0 = Debug|Any CPU
		{E979DC14-14E7-4A3C-8846-CC65F42353FA}.Release|Any CPU.ActiveCfg = Release|Any CPU
		{E979DC14-14E7-4A3C-8846-CC65F42353FA}.Release|Any CPU.Build.0 = Release|Any CPU
		{7E1A08D3-069F-419D-A324-1EBDC850CABC}.Debug|Any CPU.ActiveCfg = Debug|Any CPU
		{7E1A08D3-069F-419D-A324-1EBDC850CABC}.Debug|Any CPU.Build.0 = Debug|Any CPU
		{7E1A08D3-069F-419D-A324-1EBDC850CABC}.Release|Any CPU.ActiveCfg = Release|Any CPU
		{7E1A08D3-069F-419D-A324-1EBDC850CABC}.Release|Any CPU.Build.0 = Release|Any CPU
		{201AA377-2119-4C15-BEF2-098CE30B425A}.Debug|Any CPU.ActiveCfg = Debug|Any CPU
		{201AA377-2119-4C15-BEF2-098CE30B425A}.Debug|Any CPU.Build.0 = Debug|Any CPU
		{201AA377-2119-4C15-BEF2-098CE30B425A}.Release|Any CPU.ActiveCfg = Release|Any CPU
		{201AA377-2119-4C15-BEF2-098CE30B425A}.Release|Any CPU.Build.0 = Release|Any CPU
	EndGlobalSection
	GlobalSection(SolutionProperties) = preSolution
		HideSolutionNode = FALSE
	EndGlobalSection
	GlobalSection(ExtensibilityGlobals) = postSolution
		SolutionGuid = {B5EFB636-8710-4359-923A-B21B32E98677}
	EndGlobalSection
EndGlobal
