
Microsoft Visual Studio Solution File, Format Version 12.00
# Visual Studio Version 16
VisualStudioVersion = 16.0.31729.503
MinimumVisualStudioVersion = 10.0.40219.1
Project("{FAE04EC0-301F-11D3-BF4B-00C04F79EFBC}") = "PersonsInfo", "PersonsInfo\PersonsInfo.csproj", "{930AD954-5B8A-4219-950E-02D31D78C76E}"
EndProject
Global
	GlobalSection(SolutionConfigurationPlatforms) = preSolution
		Debug|Any CPU = Debug|Any CPU
		Release|Any CPU = Release|Any CPU
	EndGlobalSection
	GlobalSection(ProjectConfigurationPlatforms) = postSolution
		{930AD954-5B8A-4219-950E-02D31D78C76E}.Debug|Any CPU.ActiveCfg = Debug|Any CPU
		{930AD954-5B8A-4219-950E-02D31D78C76E}.Debug|Any CPU.Build.0 = Debug|Any CPU
		{930AD954-5B8A-4219-950E-02D31D78C76E}.Release|Any CPU.ActiveCfg = Release|Any CPU
		{930AD954-5B8A-4219-950E-02D31D78C76E}.Release|Any CPU.Build.0 = Release|Any CPU
	EndGlobalSection
	GlobalSection(SolutionProperties) = preSolution
		HideSolutionNode = FALSE
	EndGlobalSection
	GlobalSection(ExtensibilityGlobals) = postSolution
		SolutionGuid = {1254A97C-EEA5-415B-8C67-99B6A999E412}
	EndGlobalSection
EndGlobal
