
Microsoft Visual Studio Solution File, Format Version 12.00
# Visual Studio Version 16
VisualStudioVersion = 16.0.30907.101
MinimumVisualStudioVersion = 10.0.40219.1
Project("{FAE04EC0-301F-11D3-BF4B-00C04F79EFBC}") = "01.EasterLunch", "01.EasterLunch\01.EasterLunch.csproj", "{539A0847-6C8F-4F9D-9AB1-89242283FC5E}"
EndProject
Project("{FAE04EC0-301F-11D3-BF4B-00C04F79EFBC}") = "02.EasterParty", "02.EasterParty\02.EasterParty.csproj", "{EEC64215-35E8-4448-A5C3-019D1E806206}"
EndProject
Project("{FAE04EC0-301F-11D3-BF4B-00C04F79EFBC}") = "03.EasterTrip", "03.EasterTrip\03.EasterTrip.csproj", "{D4F4E5DE-04ED-4B1A-A9C7-399C56C07DE8}"
EndProject
Project("{FAE04EC0-301F-11D3-BF4B-00C04F79EFBC}") = "04.EasterEggsBattle", "04.EasterEggsBattle\04.EasterEggsBattle.csproj", "{BA00AB6A-37CB-4ED5-AD96-26C64DFD3424}"
EndProject
Project("{FAE04EC0-301F-11D3-BF4B-00C04F79EFBC}") = "05.EasterEggs", "05.EasterEggs\05.EasterEggs.csproj", "{32FD01AC-8029-42F0-AE72-D2607F015149}"
EndProject
Project("{FAE04EC0-301F-11D3-BF4B-00C04F79EFBC}") = "06.EasterCompetition", "06.EasterCompetition\06.EasterCompetition.csproj", "{88753B73-FFB5-4F23-BBD6-B23794508807}"
EndProject
Global
	GlobalSection(SolutionConfigurationPlatforms) = preSolution
		Debug|Any CPU = Debug|Any CPU
		Release|Any CPU = Release|Any CPU
	EndGlobalSection
	GlobalSection(ProjectConfigurationPlatforms) = postSolution
		{539A0847-6C8F-4F9D-9AB1-89242283FC5E}.Debug|Any CPU.ActiveCfg = Debug|Any CPU
		{539A0847-6C8F-4F9D-9AB1-89242283FC5E}.Debug|Any CPU.Build.0 = Debug|Any CPU
		{539A0847-6C8F-4F9D-9AB1-89242283FC5E}.Release|Any CPU.ActiveCfg = Release|Any CPU
		{539A0847-6C8F-4F9D-9AB1-89242283FC5E}.Release|Any CPU.Build.0 = Release|Any CPU
		{EEC64215-35E8-4448-A5C3-019D1E806206}.Debug|Any CPU.ActiveCfg = Debug|Any CPU
		{EEC64215-35E8-4448-A5C3-019D1E806206}.Debug|Any CPU.Build.0 = Debug|Any CPU
		{EEC64215-35E8-4448-A5C3-019D1E806206}.Release|Any CPU.ActiveCfg = Release|Any CPU
		{EEC64215-35E8-4448-A5C3-019D1E806206}.Release|Any CPU.Build.0 = Release|Any CPU
		{D4F4E5DE-04ED-4B1A-A9C7-399C56C07DE8}.Debug|Any CPU.ActiveCfg = Debug|Any CPU
		{D4F4E5DE-04ED-4B1A-A9C7-399C56C07DE8}.Debug|Any CPU.Build.0 = Debug|Any CPU
		{D4F4E5DE-04ED-4B1A-A9C7-399C56C07DE8}.Release|Any CPU.ActiveCfg = Release|Any CPU
		{D4F4E5DE-04ED-4B1A-A9C7-399C56C07DE8}.Release|Any CPU.Build.0 = Release|Any CPU
		{BA00AB6A-37CB-4ED5-AD96-26C64DFD3424}.Debug|Any CPU.ActiveCfg = Debug|Any CPU
		{BA00AB6A-37CB-4ED5-AD96-26C64DFD3424}.Debug|Any CPU.Build.0 = Debug|Any CPU
		{BA00AB6A-37CB-4ED5-AD96-26C64DFD3424}.Release|Any CPU.ActiveCfg = Release|Any CPU
		{BA00AB6A-37CB-4ED5-AD96-26C64DFD3424}.Release|Any CPU.Build.0 = Release|Any CPU
		{32FD01AC-8029-42F0-AE72-D2607F015149}.Debug|Any CPU.ActiveCfg = Debug|Any CPU
		{32FD01AC-8029-42F0-AE72-D2607F015149}.Debug|Any CPU.Build.0 = Debug|Any CPU
		{32FD01AC-8029-42F0-AE72-D2607F015149}.Release|Any CPU.ActiveCfg = Release|Any CPU
		{32FD01AC-8029-42F0-AE72-D2607F015149}.Release|Any CPU.Build.0 = Release|Any CPU
		{88753B73-FFB5-4F23-BBD6-B23794508807}.Debug|Any CPU.ActiveCfg = Debug|Any CPU
		{88753B73-FFB5-4F23-BBD6-B23794508807}.Debug|Any CPU.Build.0 = Debug|Any CPU
		{88753B73-FFB5-4F23-BBD6-B23794508807}.Release|Any CPU.ActiveCfg = Release|Any CPU
		{88753B73-FFB5-4F23-BBD6-B23794508807}.Release|Any CPU.Build.0 = Release|Any CPU
	EndGlobalSection
	GlobalSection(SolutionProperties) = preSolution
		HideSolutionNode = FALSE
	EndGlobalSection
	GlobalSection(ExtensibilityGlobals) = postSolution
		SolutionGuid = {39FB085B-54AF-4D68-8862-3F2C9FD9ED03}
	EndGlobalSection
EndGlobal
