
Microsoft Visual Studio Solution File, Format Version 12.00
# Visual Studio Version 16
VisualStudioVersion = 16.0.31729.503
MinimumVisualStudioVersion = 10.0.40219.1
Project("{FAE04EC0-301F-11D3-BF4B-00C04F79EFBC}") = "01.Masterchef", "01.Masterchef\01.Masterchef.csproj", "{2825690F-8732-4A4C-8B07-E7263E24F571}"
EndProject
Project("{FAE04EC0-301F-11D3-BF4B-00C04F79EFBC}") = "02.Survivor", "02.Survivor\02.Survivor.csproj", "{D0C04867-9071-4A35-B7BD-CCA67B615724}"
EndProject
Global
	GlobalSection(SolutionConfigurationPlatforms) = preSolution
		Debug|Any CPU = Debug|Any CPU
		Release|Any CPU = Release|Any CPU
	EndGlobalSection
	GlobalSection(ProjectConfigurationPlatforms) = postSolution
		{2825690F-8732-4A4C-8B07-E7263E24F571}.Debug|Any CPU.ActiveCfg = Debug|Any CPU
		{2825690F-8732-4A4C-8B07-E7263E24F571}.Debug|Any CPU.Build.0 = Debug|Any CPU
		{2825690F-8732-4A4C-8B07-E7263E24F571}.Release|Any CPU.ActiveCfg = Release|Any CPU
		{2825690F-8732-4A4C-8B07-E7263E24F571}.Release|Any CPU.Build.0 = Release|Any CPU
		{D0C04867-9071-4A35-B7BD-CCA67B615724}.Debug|Any CPU.ActiveCfg = Debug|Any CPU
		{D0C04867-9071-4A35-B7BD-CCA67B615724}.Debug|Any CPU.Build.0 = Debug|Any CPU
		{D0C04867-9071-4A35-B7BD-CCA67B615724}.Release|Any CPU.ActiveCfg = Release|Any CPU
		{D0C04867-9071-4A35-B7BD-CCA67B615724}.Release|Any CPU.Build.0 = Release|Any CPU
	EndGlobalSection
	GlobalSection(SolutionProperties) = preSolution
		HideSolutionNode = FALSE
	EndGlobalSection
	GlobalSection(ExtensibilityGlobals) = postSolution
		SolutionGuid = {B97E9371-C1FD-488F-9A76-E9A8FBC13BAF}
	EndGlobalSection
EndGlobal
