
Microsoft Visual Studio Solution File, Format Version 12.00
# Visual Studio Version 16
VisualStudioVersion = 16.0.31729.503
MinimumVisualStudioVersion = 10.0.40219.1
Project("{FAE04EC0-301F-11D3-BF4B-00C04F79EFBC}") = "01.BirthdayCelebration", "01.BirthdayCelebration\01.BirthdayCelebration.csproj", "{1D356927-BACB-4C39-8824-C5121A533C37}"
EndProject
Project("{FAE04EC0-301F-11D3-BF4B-00C04F79EFBC}") = "02.TheBattleOfTheFiveArmies", "02.TheBattleOfTheFiveArmies\02.TheBattleOfTheFiveArmies.csproj", "{6AAC914C-7B34-4616-BFA7-A83153F89DE2}"
EndProject
Global
	GlobalSection(SolutionConfigurationPlatforms) = preSolution
		Debug|Any CPU = Debug|Any CPU
		Release|Any CPU = Release|Any CPU
	EndGlobalSection
	GlobalSection(ProjectConfigurationPlatforms) = postSolution
		{1D356927-BACB-4C39-8824-C5121A533C37}.Debug|Any CPU.ActiveCfg = Debug|Any CPU
		{1D356927-BACB-4C39-8824-C5121A533C37}.Debug|Any CPU.Build.0 = Debug|Any CPU
		{1D356927-BACB-4C39-8824-C5121A533C37}.Release|Any CPU.ActiveCfg = Release|Any CPU
		{1D356927-BACB-4C39-8824-C5121A533C37}.Release|Any CPU.Build.0 = Release|Any CPU
		{6AAC914C-7B34-4616-BFA7-A83153F89DE2}.Debug|Any CPU.ActiveCfg = Debug|Any CPU
		{6AAC914C-7B34-4616-BFA7-A83153F89DE2}.Debug|Any CPU.Build.0 = Debug|Any CPU
		{6AAC914C-7B34-4616-BFA7-A83153F89DE2}.Release|Any CPU.ActiveCfg = Release|Any CPU
		{6AAC914C-7B34-4616-BFA7-A83153F89DE2}.Release|Any CPU.Build.0 = Release|Any CPU
	EndGlobalSection
	GlobalSection(SolutionProperties) = preSolution
		HideSolutionNode = FALSE
	EndGlobalSection
	GlobalSection(ExtensibilityGlobals) = postSolution
		SolutionGuid = {024F1D5C-B386-4012-81A7-51525724B6DD}
	EndGlobalSection
EndGlobal
