
Microsoft Visual Studio Solution File, Format Version 12.00
# Visual Studio Version 16
VisualStudioVersion = 16.0.30717.126
MinimumVisualStudioVersion = 10.0.40219.1
Project("{FAE04EC0-301F-11D3-BF4B-00C04F79EFBC}") = "01. USDtoBGN", "01. USDtoBGN\01. USDtoBGN.csproj", "{0B65124C-A07A-47D0-B6D2-8BD8A5E21DD2}"
EndProject
Project("{FAE04EC0-301F-11D3-BF4B-00C04F79EFBC}") = "02. RadiansToDegrees", "02. RadiansToDegrees\02. RadiansToDegrees.csproj", "{ADDC2DFF-B092-48B4-A65C-156984400194}"
EndProject
Project("{FAE04EC0-301F-11D3-BF4B-00C04F79EFBC}") = "03. DepositCalculator", "03. DepositCalculator\03. DepositCalculator.csproj", "{94EA3872-1FD8-473A-9DF0-3B7F30C85AC4}"
EndProject
Project("{FAE04EC0-301F-11D3-BF4B-00C04F79EFBC}") = "04. VacationBooksList", "04. VacationBooksList\04. VacationBooksList.csproj", "{DB8A87FC-7EE0-4FF2-8F2D-54E293F73360}"
EndProject
Project("{FAE04EC0-301F-11D3-BF4B-00C04F79EFBC}") = "05. BirthdayParty", "05. BirthdayParty\05. BirthdayParty.csproj", "{BBD1B69E-ED42-4527-B13E-8FD7CB39C48E}"
EndProject
Project("{FAE04EC0-301F-11D3-BF4B-00C04F79EFBC}") = "06. CharityCampaign", "06. CharityCampaign\06. CharityCampaign.csproj", "{7D1671DA-E06D-43BF-B344-8C4B55025156}"
EndProject
Project("{FAE04EC0-301F-11D3-BF4B-00C04F79EFBC}") = "07. FruitMarket", "07. FruitMarket\07. FruitMarket.csproj", "{211985D8-A11C-4DA1-BFAA-E20BB9A536A6}"
EndProject
Project("{FAE04EC0-301F-11D3-BF4B-00C04F79EFBC}") = "08. FishTank", "08. FishTank\08. FishTank.csproj", "{071FE5A6-6B7D-4D73-9FEB-8650B57EC7A9}"
EndProject
Global
	GlobalSection(SolutionConfigurationPlatforms) = preSolution
		Debug|Any CPU = Debug|Any CPU
		Release|Any CPU = Release|Any CPU
	EndGlobalSection
	GlobalSection(ProjectConfigurationPlatforms) = postSolution
		{0B65124C-A07A-47D0-B6D2-8BD8A5E21DD2}.Debug|Any CPU.ActiveCfg = Debug|Any CPU
		{0B65124C-A07A-47D0-B6D2-8BD8A5E21DD2}.Debug|Any CPU.Build.0 = Debug|Any CPU
		{0B65124C-A07A-47D0-B6D2-8BD8A5E21DD2}.Release|Any CPU.ActiveCfg = Release|Any CPU
		{0B65124C-A07A-47D0-B6D2-8BD8A5E21DD2}.Release|Any CPU.Build.0 = Release|Any CPU
		{ADDC2DFF-B092-48B4-A65C-156984400194}.Debug|Any CPU.ActiveCfg = Debug|Any CPU
		{ADDC2DFF-B092-48B4-A65C-156984400194}.Debug|Any CPU.Build.0 = Debug|Any CPU
		{ADDC2DFF-B092-48B4-A65C-156984400194}.Release|Any CPU.ActiveCfg = Release|Any CPU
		{ADDC2DFF-B092-48B4-A65C-156984400194}.Release|Any CPU.Build.0 = Release|Any CPU
		{94EA3872-1FD8-473A-9DF0-3B7F30C85AC4}.Debug|Any CPU.ActiveCfg = Debug|Any CPU
		{94EA3872-1FD8-473A-9DF0-3B7F30C85AC4}.Debug|Any CPU.Build.0 = Debug|Any CPU
		{94EA3872-1FD8-473A-9DF0-3B7F30C85AC4}.Release|Any CPU.ActiveCfg = Release|Any CPU
		{94EA3872-1FD8-473A-9DF0-3B7F30C85AC4}.Release|Any CPU.Build.0 = Release|Any CPU
		{DB8A87FC-7EE0-4FF2-8F2D-54E293F73360}.Debug|Any CPU.ActiveCfg = Debug|Any CPU
		{DB8A87FC-7EE0-4FF2-8F2D-54E293F73360}.Debug|Any CPU.Build.0 = Debug|Any CPU
		{DB8A87FC-7EE0-4FF2-8F2D-54E293F73360}.Release|Any CPU.ActiveCfg = Release|Any CPU
		{DB8A87FC-7EE0-4FF2-8F2D-54E293F73360}.Release|Any CPU.Build.0 = Release|Any CPU
		{BBD1B69E-ED42-4527-B13E-8FD7CB39C48E}.Debug|Any CPU.ActiveCfg = Debug|Any CPU
		{BBD1B69E-ED42-4527-B13E-8FD7CB39C48E}.Debug|Any CPU.Build.0 = Debug|Any CPU
		{BBD1B69E-ED42-4527-B13E-8FD7CB39C48E}.Release|Any CPU.ActiveCfg = Release|Any CPU
		{BBD1B69E-ED42-4527-B13E-8FD7CB39C48E}.Release|Any CPU.Build.0 = Release|Any CPU
		{7D1671DA-E06D-43BF-B344-8C4B55025156}.Debug|Any CPU.ActiveCfg = Debug|Any CPU
		{7D1671DA-E06D-43BF-B344-8C4B55025156}.Debug|Any CPU.Build.0 = Debug|Any CPU
		{7D1671DA-E06D-43BF-B344-8C4B55025156}.Release|Any CPU.ActiveCfg = Release|Any CPU
		{7D1671DA-E06D-43BF-B344-8C4B55025156}.Release|Any CPU.Build.0 = Release|Any CPU
		{211985D8-A11C-4DA1-BFAA-E20BB9A536A6}.Debug|Any CPU.ActiveCfg = Debug|Any CPU
		{211985D8-A11C-4DA1-BFAA-E20BB9A536A6}.Debug|Any CPU.Build.0 = Debug|Any CPU
		{211985D8-A11C-4DA1-BFAA-E20BB9A536A6}.Release|Any CPU.ActiveCfg = Release|Any CPU
		{211985D8-A11C-4DA1-BFAA-E20BB9A536A6}.Release|Any CPU.Build.0 = Release|Any CPU
		{071FE5A6-6B7D-4D73-9FEB-8650B57EC7A9}.Debug|Any CPU.ActiveCfg = Debug|Any CPU
		{071FE5A6-6B7D-4D73-9FEB-8650B57EC7A9}.Debug|Any CPU.Build.0 = Debug|Any CPU
		{071FE5A6-6B7D-4D73-9FEB-8650B57EC7A9}.Release|Any CPU.ActiveCfg = Release|Any CPU
		{071FE5A6-6B7D-4D73-9FEB-8650B57EC7A9}.Release|Any CPU.Build.0 = Release|Any CPU
	EndGlobalSection
	GlobalSection(SolutionProperties) = preSolution
		HideSolutionNode = FALSE
	EndGlobalSection
	GlobalSection(ExtensibilityGlobals) = postSolution
		SolutionGuid = {521CFD90-1730-4D04-9FBF-855D40231FE8}
	EndGlobalSection
EndGlobal
