
Microsoft Visual Studio Solution File, Format Version 12.00
# Visual Studio Version 16
VisualStudioVersion = 16.0.31729.503
MinimumVisualStudioVersion = 10.0.40219.1
Project("{FAE04EC0-301F-11D3-BF4B-00C04F79EFBC}") = "01.Lootbox", "01.Lootbox\01.Lootbox.csproj", "{3E3B8982-6771-47A4-8A75-39F1A3BD480F}"
EndProject
Project("{FAE04EC0-301F-11D3-BF4B-00C04F79EFBC}") = "02.Re-Volt", "02.Re-Volt\02.Re-Volt.csproj", "{B56BA971-562F-4830-BFD2-036E899B5653}"
EndProject
Global
	GlobalSection(SolutionConfigurationPlatforms) = preSolution
		Debug|Any CPU = Debug|Any CPU
		Release|Any CPU = Release|Any CPU
	EndGlobalSection
	GlobalSection(ProjectConfigurationPlatforms) = postSolution
		{3E3B8982-6771-47A4-8A75-39F1A3BD480F}.Debug|Any CPU.ActiveCfg = Debug|Any CPU
		{3E3B8982-6771-47A4-8A75-39F1A3BD480F}.Debug|Any CPU.Build.0 = Debug|Any CPU
		{3E3B8982-6771-47A4-8A75-39F1A3BD480F}.Release|Any CPU.ActiveCfg = Release|Any CPU
		{3E3B8982-6771-47A4-8A75-39F1A3BD480F}.Release|Any CPU.Build.0 = Release|Any CPU
		{B56BA971-562F-4830-BFD2-036E899B5653}.Debug|Any CPU.ActiveCfg = Debug|Any CPU
		{B56BA971-562F-4830-BFD2-036E899B5653}.Debug|Any CPU.Build.0 = Debug|Any CPU
		{B56BA971-562F-4830-BFD2-036E899B5653}.Release|Any CPU.ActiveCfg = Release|Any CPU
		{B56BA971-562F-4830-BFD2-036E899B5653}.Release|Any CPU.Build.0 = Release|Any CPU
	EndGlobalSection
	GlobalSection(SolutionProperties) = preSolution
		HideSolutionNode = FALSE
	EndGlobalSection
	GlobalSection(ExtensibilityGlobals) = postSolution
		SolutionGuid = {4F1F5067-3977-422A-8F35-B7DDF15EA58F}
	EndGlobalSection
EndGlobal
