
Microsoft Visual Studio Solution File, Format Version 12.00
# Visual Studio Version 17
VisualStudioVersion = 17.0.31903.59
MinimumVisualStudioVersion = 10.0.40219.1
Project("{FAE04EC0-301F-11D3-BF4B-00C04F79EFBC}") = "P01_HospitalDatabase", "P01_HospitalDatabase\P01_HospitalDatabase.csproj", "{066AABF8-5A5E-4C20-89B1-199C77EBB0F0}"
EndProject
Project("{FAE04EC0-301F-11D3-BF4B-00C04F79EFBC}") = "P03_SalesDatabase", "P03_SalesDatabase\P03_SalesDatabase.csproj", "{D11C7D52-E010-4C88-A567-806717083948}"
EndProject
Global
	GlobalSection(SolutionConfigurationPlatforms) = preSolution
		Debug|Any CPU = Debug|Any CPU
		Release|Any CPU = Release|Any CPU
	EndGlobalSection
	GlobalSection(ProjectConfigurationPlatforms) = postSolution
		{066AABF8-5A5E-4C20-89B1-199C77EBB0F0}.Debug|Any CPU.ActiveCfg = Debug|Any CPU
		{066AABF8-5A5E-4C20-89B1-199C77EBB0F0}.Debug|Any CPU.Build.0 = Debug|Any CPU
		{066AABF8-5A5E-4C20-89B1-199C77EBB0F0}.Release|Any CPU.ActiveCfg = Release|Any CPU
		{066AABF8-5A5E-4C20-89B1-199C77EBB0F0}.Release|Any CPU.Build.0 = Release|Any CPU
		{D11C7D52-E010-4C88-A567-806717083948}.Debug|Any CPU.ActiveCfg = Debug|Any CPU
		{D11C7D52-E010-4C88-A567-806717083948}.Debug|Any CPU.Build.0 = Debug|Any CPU
		{D11C7D52-E010-4C88-A567-806717083948}.Release|Any CPU.ActiveCfg = Release|Any CPU
		{D11C7D52-E010-4C88-A567-806717083948}.Release|Any CPU.Build.0 = Release|Any CPU
	EndGlobalSection
	GlobalSection(SolutionProperties) = preSolution
		HideSolutionNode = FALSE
	EndGlobalSection
	GlobalSection(ExtensibilityGlobals) = postSolution
		SolutionGuid = {3F77FF33-D7B5-417B-B436-7BEE30266414}
	EndGlobalSection
EndGlobal
