
Microsoft Visual Studio Solution File, Format Version 12.00
# Visual Studio Version 17
VisualStudioVersion = 17.1.32210.238
MinimumVisualStudioVersion = 10.0.40219.1
Project("{FAE04EC0-301F-11D3-BF4B-00C04F79EFBC}") = "BusStation", "BusStation\BusStation.csproj", "{2B745D42-379F-4C46-81C6-DBF5A3CB3580}"
EndProject
Project("{FAE04EC0-301F-11D3-BF4B-00C04F79EFBC}") = "BasicWebServer.Server", "BasicWebServer.Server\BasicWebServer.Server.csproj", "{27A42C07-F41B-416E-98F5-EE3EF9CF427A}"
EndProject
Global
	GlobalSection(SolutionConfigurationPlatforms) = preSolution
		Debug|Any CPU = Debug|Any CPU
		Release|Any CPU = Release|Any CPU
	EndGlobalSection
	GlobalSection(ProjectConfigurationPlatforms) = postSolution
		{2B745D42-379F-4C46-81C6-DBF5A3CB3580}.Debug|Any CPU.ActiveCfg = Debug|Any CPU
		{2B745D42-379F-4C46-81C6-DBF5A3CB3580}.Debug|Any CPU.Build.0 = Debug|Any CPU
		{2B745D42-379F-4C46-81C6-DBF5A3CB3580}.Release|Any CPU.ActiveCfg = Release|Any CPU
		{2B745D42-379F-4C46-81C6-DBF5A3CB3580}.Release|Any CPU.Build.0 = Release|Any CPU
		{27A42C07-F41B-416E-98F5-EE3EF9CF427A}.Debug|Any CPU.ActiveCfg = Debug|Any CPU
		{27A42C07-F41B-416E-98F5-EE3EF9CF427A}.Debug|Any CPU.Build.0 = Debug|Any CPU
		{27A42C07-F41B-416E-98F5-EE3EF9CF427A}.Release|Any CPU.ActiveCfg = Release|Any CPU
		{27A42C07-F41B-416E-98F5-EE3EF9CF427A}.Release|Any CPU.Build.0 = Release|Any CPU
	EndGlobalSection
	GlobalSection(SolutionProperties) = preSolution
		HideSolutionNode = FALSE
	EndGlobalSection
	GlobalSection(ExtensibilityGlobals) = postSolution
		SolutionGuid = {6A14D391-0506-4B99-B374-56CE194855F2}
	EndGlobalSection
EndGlobal
