
Microsoft Visual Studio Solution File, Format Version 12.00
# Visual Studio Version 17
VisualStudioVersion = 17.0.31903.59
MinimumVisualStudioVersion = 10.0.40219.1
Project("{9A19103F-16F7-4668-BE54-9A1E7A4F7556}") = "01.Vehicles", "01.Vehicles\01.Vehicles.csproj", "{CD29DD5D-3518-481D-97D9-5380ED16207F}"
EndProject
Project("{9A19103F-16F7-4668-BE54-9A1E7A4F7556}") = "02.VehiclesExtension", "02.VehiclesExtension\02.VehiclesExtension.csproj", "{B7C2900E-8609-46E2-A05A-3BFB8DB7DC77}"
EndProject
Project("{9A19103F-16F7-4668-BE54-9A1E7A4F7556}") = "03.Raiding", "03.Raiding\03.Raiding.csproj", "{84679B3F-B79A-4023-ABA0-ECB683AE6DD4}"
EndProject
Project("{FAE04EC0-301F-11D3-BF4B-00C04F79EFBC}") = "04.WildFarm", "04.WildFarm\04.WildFarm.csproj", "{10B00DA0-15BA-4D78-B703-A4F6E50B1BBC}"
EndProject
Global
	GlobalSection(SolutionConfigurationPlatforms) = preSolution
		Debug|Any CPU = Debug|Any CPU
		Release|Any CPU = Release|Any CPU
	EndGlobalSection
	GlobalSection(ProjectConfigurationPlatforms) = postSolution
		{CD29DD5D-3518-481D-97D9-5380ED16207F}.Debug|Any CPU.ActiveCfg = Debug|Any CPU
		{CD29DD5D-3518-481D-97D9-5380ED16207F}.Debug|Any CPU.Build.0 = Debug|Any CPU
		{CD29DD5D-3518-481D-97D9-5380ED16207F}.Release|Any CPU.ActiveCfg = Release|Any CPU
		{CD29DD5D-3518-481D-97D9-5380ED16207F}.Release|Any CPU.Build.0 = Release|Any CPU
		{B7C2900E-8609-46E2-A05A-3BFB8DB7DC77}.Debug|Any CPU.ActiveCfg = Debug|Any CPU
		{B7C2900E-8609-46E2-A05A-3BFB8DB7DC77}.Debug|Any CPU.Build.0 = Debug|Any CPU
		{B7C2900E-8609-46E2-A05A-3BFB8DB7DC77}.Release|Any CPU.ActiveCfg = Release|Any CPU
		{B7C2900E-8609-46E2-A05A-3BFB8DB7DC77}.Release|Any CPU.Build.0 = Release|Any CPU
		{84679B3F-B79A-4023-ABA0-ECB683AE6DD4}.Debug|Any CPU.ActiveCfg = Debug|Any CPU
		{84679B3F-B79A-4023-ABA0-ECB683AE6DD4}.Debug|Any CPU.Build.0 = Debug|Any CPU
		{84679B3F-B79A-4023-ABA0-ECB683AE6DD4}.Release|Any CPU.ActiveCfg = Release|Any CPU
		{84679B3F-B79A-4023-ABA0-ECB683AE6DD4}.Release|Any CPU.Build.0 = Release|Any CPU
		{10B00DA0-15BA-4D78-B703-A4F6E50B1BBC}.Debug|Any CPU.ActiveCfg = Debug|Any CPU
		{10B00DA0-15BA-4D78-B703-A4F6E50B1BBC}.Debug|Any CPU.Build.0 = Debug|Any CPU
		{10B00DA0-15BA-4D78-B703-A4F6E50B1BBC}.Release|Any CPU.ActiveCfg = Release|Any CPU
		{10B00DA0-15BA-4D78-B703-A4F6E50B1BBC}.Release|Any CPU.Build.0 = Release|Any CPU
	EndGlobalSection
	GlobalSection(SolutionProperties) = preSolution
		HideSolutionNode = FALSE
	EndGlobalSection
	GlobalSection(ExtensibilityGlobals) = postSolution
		SolutionGuid = {F3932FAE-1A89-4539-BEA5-7A2FFB82464C}
	EndGlobalSection
EndGlobal
