
Microsoft Visual Studio Solution File, Format Version 12.00
# Visual Studio Version 16
VisualStudioVersion = 16.0.30907.101
MinimumVisualStudioVersion = 10.0.40219.1
Project("{FAE04EC0-301F-11D3-BF4B-00C04F79EFBC}") = "01.NumbersEndingIn7", "01.NumbersEndingIn7\01.NumbersEndingIn7.csproj", "{21BB1BFA-6184-470C-AE20-9961CF000CD2}"
EndProject
Project("{FAE04EC0-301F-11D3-BF4B-00C04F79EFBC}") = "02.HalfSumElement", "02.HalfSumElement\02.HalfSumElement.csproj", "{64776AE7-515E-4A8B-A964-1EB247C6F4AF}"
EndProject
Project("{FAE04EC0-301F-11D3-BF4B-00C04F79EFBC}") = "03.OddOrEvenPosition", "03.OddOrEvenPosition\03.OddOrEvenPosition.csproj", "{F43E4726-0DC3-4DC4-BE8F-454B35E9EC14}"
EndProject
Project("{FAE04EC0-301F-11D3-BF4B-00C04F79EFBC}") = "04.Histogram", "04.Histogram\04.Histogram.csproj", "{01573ED8-62CF-4564-914D-C42C27663366}"
EndProject
Project("{FAE04EC0-301F-11D3-BF4B-00C04F79EFBC}") = "05.DivideWithoutRemainder", "05.DivideWithoutRemainder\05.DivideWithoutRemainder.csproj", "{D905C29E-14B5-4E75-B87D-DF723A210F22}"
EndProject
Project("{FAE04EC0-301F-11D3-BF4B-00C04F79EFBC}") = "06.Salary", "06.Salary\06.Salary.csproj", "{09E78348-75D7-4934-B7BA-832772C4062C}"
EndProject
Global
	GlobalSection(SolutionConfigurationPlatforms) = preSolution
		Debug|Any CPU = Debug|Any CPU
		Release|Any CPU = Release|Any CPU
	EndGlobalSection
	GlobalSection(ProjectConfigurationPlatforms) = postSolution
		{21BB1BFA-6184-470C-AE20-9961CF000CD2}.Debug|Any CPU.ActiveCfg = Debug|Any CPU
		{21BB1BFA-6184-470C-AE20-9961CF000CD2}.Debug|Any CPU.Build.0 = Debug|Any CPU
		{21BB1BFA-6184-470C-AE20-9961CF000CD2}.Release|Any CPU.ActiveCfg = Release|Any CPU
		{21BB1BFA-6184-470C-AE20-9961CF000CD2}.Release|Any CPU.Build.0 = Release|Any CPU
		{64776AE7-515E-4A8B-A964-1EB247C6F4AF}.Debug|Any CPU.ActiveCfg = Debug|Any CPU
		{64776AE7-515E-4A8B-A964-1EB247C6F4AF}.Debug|Any CPU.Build.0 = Debug|Any CPU
		{64776AE7-515E-4A8B-A964-1EB247C6F4AF}.Release|Any CPU.ActiveCfg = Release|Any CPU
		{64776AE7-515E-4A8B-A964-1EB247C6F4AF}.Release|Any CPU.Build.0 = Release|Any CPU
		{F43E4726-0DC3-4DC4-BE8F-454B35E9EC14}.Debug|Any CPU.ActiveCfg = Debug|Any CPU
		{F43E4726-0DC3-4DC4-BE8F-454B35E9EC14}.Debug|Any CPU.Build.0 = Debug|Any CPU
		{F43E4726-0DC3-4DC4-BE8F-454B35E9EC14}.Release|Any CPU.ActiveCfg = Release|Any CPU
		{F43E4726-0DC3-4DC4-BE8F-454B35E9EC14}.Release|Any CPU.Build.0 = Release|Any CPU
		{01573ED8-62CF-4564-914D-C42C27663366}.Debug|Any CPU.ActiveCfg = Debug|Any CPU
		{01573ED8-62CF-4564-914D-C42C27663366}.Debug|Any CPU.Build.0 = Debug|Any CPU
		{01573ED8-62CF-4564-914D-C42C27663366}.Release|Any CPU.ActiveCfg = Release|Any CPU
		{01573ED8-62CF-4564-914D-C42C27663366}.Release|Any CPU.Build.0 = Release|Any CPU
		{D905C29E-14B5-4E75-B87D-DF723A210F22}.Debug|Any CPU.ActiveCfg = Debug|Any CPU
		{D905C29E-14B5-4E75-B87D-DF723A210F22}.Debug|Any CPU.Build.0 = Debug|Any CPU
		{D905C29E-14B5-4E75-B87D-DF723A210F22}.Release|Any CPU.ActiveCfg = Release|Any CPU
		{D905C29E-14B5-4E75-B87D-DF723A210F22}.Release|Any CPU.Build.0 = Release|Any CPU
		{09E78348-75D7-4934-B7BA-832772C4062C}.Debug|Any CPU.ActiveCfg = Debug|Any CPU
		{09E78348-75D7-4934-B7BA-832772C4062C}.Debug|Any CPU.Build.0 = Debug|Any CPU
		{09E78348-75D7-4934-B7BA-832772C4062C}.Release|Any CPU.ActiveCfg = Release|Any CPU
		{09E78348-75D7-4934-B7BA-832772C4062C}.Release|Any CPU.Build.0 = Release|Any CPU
	EndGlobalSection
	GlobalSection(SolutionProperties) = preSolution
		HideSolutionNode = FALSE
	EndGlobalSection
	GlobalSection(ExtensibilityGlobals) = postSolution
		SolutionGuid = {D63FAFC7-3EAE-44FD-8F3E-A93FE4B93FC0}
	EndGlobalSection
EndGlobal
