
Microsoft Visual Studio Solution File, Format Version 12.00
# Visual Studio Version 16
VisualStudioVersion = 16.0.30907.101
MinimumVisualStudioVersion = 10.0.40219.1
Project("{9A19103F-16F7-4668-BE54-9A1E7A4F7556}") = "01.UniquePINCodes", "01.UniquePINCodes\01.UniquePINCodes.csproj", "{44CF15CD-7823-466B-8BD9-B795D7F71B95}"
EndProject
Project("{9A19103F-16F7-4668-BE54-9A1E7A4F7556}") = "02.LettersCombinations", "02.LettersCombinations\02.LettersCombinations.csproj", "{8087B766-EEF6-476E-9594-A56BB7E83507}"
EndProject
Project("{9A19103F-16F7-4668-BE54-9A1E7A4F7556}") = "03.LuckyNumbers", "03.LuckyNumbers\03.LuckyNumbers.csproj", "{E2019D00-F1CA-4E45-83C3-EBA2F2DC8114}"
EndProject
Project("{9A19103F-16F7-4668-BE54-9A1E7A4F7556}") = "04.CarNumber", "04.CarNumber\04.CarNumber.csproj", "{CC0128AC-CCEB-4390-9EB3-438E28CF82C9}"
EndProject
Project("{9A19103F-16F7-4668-BE54-9A1E7A4F7556}") = "05.ChallengeTheWedding", "05.ChallengeTheWedding\05.ChallengeTheWedding.csproj", "{9AB3F1FF-6DA6-4858-8FEC-F8BA548AE6AE}"
EndProject
Project("{9A19103F-16F7-4668-BE54-9A1E7A4F7556}") = "06.WeddingSeats", "06.WeddingSeats\06.WeddingSeats.csproj", "{89B0FCC4-F579-49D8-A594-780FF5356A38}"
EndProject
Project("{9A19103F-16F7-4668-BE54-9A1E7A4F7556}") = "07.SafePasswordsGenerator", "07.SafePasswordsGenerator\07.SafePasswordsGenerator.csproj", "{BD9A0024-B605-47C9-8620-EBE841FA6436}"
EndProject
Project("{FAE04EC0-301F-11D3-BF4B-00C04F79EFBC}") = "08.SecretDoor'sLock", "08.SecretDoor'sLock\08.SecretDoor'sLock.csproj", "{30FA7B11-1B46-41F8-904C-3D07CB254085}"
EndProject
Project("{FAE04EC0-301F-11D3-BF4B-00C04F79EFBC}") = "09.SumOfTwoNumbers", "09.SumOfTwoNumbers\09.SumOfTwoNumbers.csproj", "{8369019A-9B6E-4EBC-83A9-433C14B51FA0}"
EndProject
Project("{FAE04EC0-301F-11D3-BF4B-00C04F79EFBC}") = "10.Profit", "10.Profit\10.Profit.csproj", "{8E9F4CE6-F3D2-447F-BF8F-BFA9A452705A}"
EndProject
Project("{FAE04EC0-301F-11D3-BF4B-00C04F79EFBC}") = "11.HappyCatParking", "11.HappyCatParking\11.HappyCatParking.csproj", "{AE3F4F84-4AC9-442A-BFF8-F22039F38A80}"
EndProject
Project("{FAE04EC0-301F-11D3-BF4B-00C04F79EFBC}") = "12.TheSongOfTheWheels", "12.TheSongOfTheWheels\12.TheSongOfTheWheels.csproj", "{04819E5D-300C-4C87-9EBC-4AABFA0D5154}"
EndProject
Project("{FAE04EC0-301F-11D3-BF4B-00C04F79EFBC}") = "13.PrimePairs", "13.PrimePairs\13.PrimePairs.csproj", "{03FC2A96-8B4D-416E-9C0B-9445597ED8D2}"
EndProject
Global
	GlobalSection(SolutionConfigurationPlatforms) = preSolution
		Debug|Any CPU = Debug|Any CPU
		Release|Any CPU = Release|Any CPU
	EndGlobalSection
	GlobalSection(ProjectConfigurationPlatforms) = postSolution
		{44CF15CD-7823-466B-8BD9-B795D7F71B95}.Debug|Any CPU.ActiveCfg = Debug|Any CPU
		{44CF15CD-7823-466B-8BD9-B795D7F71B95}.Debug|Any CPU.Build.0 = Debug|Any CPU
		{44CF15CD-7823-466B-8BD9-B795D7F71B95}.Release|Any CPU.ActiveCfg = Release|Any CPU
		{44CF15CD-7823-466B-8BD9-B795D7F71B95}.Release|Any CPU.Build.0 = Release|Any CPU
		{8087B766-EEF6-476E-9594-A56BB7E83507}.Debug|Any CPU.ActiveCfg = Debug|Any CPU
		{8087B766-EEF6-476E-9594-A56BB7E83507}.Debug|Any CPU.Build.0 = Debug|Any CPU
		{8087B766-EEF6-476E-9594-A56BB7E83507}.Release|Any CPU.ActiveCfg = Release|Any CPU
		{8087B766-EEF6-476E-9594-A56BB7E83507}.Release|Any CPU.Build.0 = Release|Any CPU
		{E2019D00-F1CA-4E45-83C3-EBA2F2DC8114}.Debug|Any CPU.ActiveCfg = Debug|Any CPU
		{E2019D00-F1CA-4E45-83C3-EBA2F2DC8114}.Debug|Any CPU.Build.0 = Debug|Any CPU
		{E2019D00-F1CA-4E45-83C3-EBA2F2DC8114}.Release|Any CPU.ActiveCfg = Release|Any CPU
		{E2019D00-F1CA-4E45-83C3-EBA2F2DC8114}.Release|Any CPU.Build.0 = Release|Any CPU
		{CC0128AC-CCEB-4390-9EB3-438E28CF82C9}.Debug|Any CPU.ActiveCfg = Debug|Any CPU
		{CC0128AC-CCEB-4390-9EB3-438E28CF82C9}.Debug|Any CPU.Build.0 = Debug|Any CPU
		{CC0128AC-CCEB-4390-9EB3-438E28CF82C9}.Release|Any CPU.ActiveCfg = Release|Any CPU
		{CC0128AC-CCEB-4390-9EB3-438E28CF82C9}.Release|Any CPU.Build.0 = Release|Any CPU
		{9AB3F1FF-6DA6-4858-8FEC-F8BA548AE6AE}.Debug|Any CPU.ActiveCfg = Debug|Any CPU
		{9AB3F1FF-6DA6-4858-8FEC-F8BA548AE6AE}.Debug|Any CPU.Build.0 = Debug|Any CPU
		{9AB3F1FF-6DA6-4858-8FEC-F8BA548AE6AE}.Release|Any CPU.ActiveCfg = Release|Any CPU
		{9AB3F1FF-6DA6-4858-8FEC-F8BA548AE6AE}.Release|Any CPU.Build.0 = Release|Any CPU
		{89B0FCC4-F579-49D8-A594-780FF5356A38}.Debug|Any CPU.ActiveCfg = Debug|Any CPU
		{89B0FCC4-F579-49D8-A594-780FF5356A38}.Debug|Any CPU.Build.0 = Debug|Any CPU
		{89B0FCC4-F579-49D8-A594-780FF5356A38}.Release|Any CPU.ActiveCfg = Release|Any CPU
		{89B0FCC4-F579-49D8-A594-780FF5356A38}.Release|Any CPU.Build.0 = Release|Any CPU
		{BD9A0024-B605-47C9-8620-EBE841FA6436}.Debug|Any CPU.ActiveCfg = Debug|Any CPU
		{BD9A0024-B605-47C9-8620-EBE841FA6436}.Debug|Any CPU.Build.0 = Debug|Any CPU
		{BD9A0024-B605-47C9-8620-EBE841FA6436}.Release|Any CPU.ActiveCfg = Release|Any CPU
		{BD9A0024-B605-47C9-8620-EBE841FA6436}.Release|Any CPU.Build.0 = Release|Any CPU
		{30FA7B11-1B46-41F8-904C-3D07CB254085}.Debug|Any CPU.ActiveCfg = Debug|Any CPU
		{30FA7B11-1B46-41F8-904C-3D07CB254085}.Debug|Any CPU.Build.0 = Debug|Any CPU
		{30FA7B11-1B46-41F8-904C-3D07CB254085}.Release|Any CPU.ActiveCfg = Release|Any CPU
		{30FA7B11-1B46-41F8-904C-3D07CB254085}.Release|Any CPU.Build.0 = Release|Any CPU
		{8369019A-9B6E-4EBC-83A9-433C14B51FA0}.Debug|Any CPU.ActiveCfg = Debug|Any CPU
		{8369019A-9B6E-4EBC-83A9-433C14B51FA0}.Debug|Any CPU.Build.0 = Debug|Any CPU
		{8369019A-9B6E-4EBC-83A9-433C14B51FA0}.Release|Any CPU.ActiveCfg = Release|Any CPU
		{8369019A-9B6E-4EBC-83A9-433C14B51FA0}.Release|Any CPU.Build.0 = Release|Any CPU
		{8E9F4CE6-F3D2-447F-BF8F-BFA9A452705A}.Debug|Any CPU.ActiveCfg = Debug|Any CPU
		{8E9F4CE6-F3D2-447F-BF8F-BFA9A452705A}.Debug|Any CPU.Build.0 = Debug|Any CPU
		{8E9F4CE6-F3D2-447F-BF8F-BFA9A452705A}.Release|Any CPU.ActiveCfg = Release|Any CPU
		{8E9F4CE6-F3D2-447F-BF8F-BFA9A452705A}.Release|Any CPU.Build.0 = Release|Any CPU
		{AE3F4F84-4AC9-442A-BFF8-F22039F38A80}.Debug|Any CPU.ActiveCfg = Debug|Any CPU
		{AE3F4F84-4AC9-442A-BFF8-F22039F38A80}.Debug|Any CPU.Build.0 = Debug|Any CPU
		{AE3F4F84-4AC9-442A-BFF8-F22039F38A80}.Release|Any CPU.ActiveCfg = Release|Any CPU
		{AE3F4F84-4AC9-442A-BFF8-F22039F38A80}.Release|Any CPU.Build.0 = Release|Any CPU
		{04819E5D-300C-4C87-9EBC-4AABFA0D5154}.Debug|Any CPU.ActiveCfg = Debug|Any CPU
		{04819E5D-300C-4C87-9EBC-4AABFA0D5154}.Debug|Any CPU.Build.0 = Debug|Any CPU
		{04819E5D-300C-4C87-9EBC-4AABFA0D5154}.Release|Any CPU.ActiveCfg = Release|Any CPU
		{04819E5D-300C-4C87-9EBC-4AABFA0D5154}.Release|Any CPU.Build.0 = Release|Any CPU
		{03FC2A96-8B4D-416E-9C0B-9445597ED8D2}.Debug|Any CPU.ActiveCfg = Debug|Any CPU
		{03FC2A96-8B4D-416E-9C0B-9445597ED8D2}.Debug|Any CPU.Build.0 = Debug|Any CPU
		{03FC2A96-8B4D-416E-9C0B-9445597ED8D2}.Release|Any CPU.ActiveCfg = Release|Any CPU
		{03FC2A96-8B4D-416E-9C0B-9445597ED8D2}.Release|Any CPU.Build.0 = Release|Any CPU
	EndGlobalSection
	GlobalSection(SolutionProperties) = preSolution
		HideSolutionNode = FALSE
	EndGlobalSection
	GlobalSection(ExtensibilityGlobals) = postSolution
		SolutionGuid = {B803C2C2-30AB-4BF4-A50F-D35610ECEE3A}
	EndGlobalSection
EndGlobal
