
Microsoft Visual Studio Solution File, Format Version 12.00
# Visual Studio Version 16
VisualStudioVersion = 16.0.30907.101
MinimumVisualStudioVersion = 10.0.40219.1
Project("{9A19103F-16F7-4668-BE54-9A1E7A4F7556}") = "01.TennisEquipment", "01.TennisEquipment\01.TennisEquipment.csproj", "{CDB9FB70-6B44-4AD7-927A-77BABEE2602F}"
EndProject
Project("{9A19103F-16F7-4668-BE54-9A1E7A4F7556}") = "02.Skeleton", "02.Skeleton\02.Skeleton.csproj", "{CF9E3A82-8D3F-48B6-8637-380D08A8B8A7}"
EndProject
Project("{9A19103F-16F7-4668-BE54-9A1E7A4F7556}") = "03.WorldSnookerChampionship", "03.WorldSnookerChampionship\03.WorldSnookerChampionship.csproj", "{E3AE3B14-C536-4A92-95D6-81BA027340FE}"
EndProject
Project("{9A19103F-16F7-4668-BE54-9A1E7A4F7556}") = "04.Darts", "04.Darts\04.Darts.csproj", "{190DED5F-E3F8-4CF1-953E-288E071F8887}"
EndProject
Project("{FAE04EC0-301F-11D3-BF4B-00C04F79EFBC}") = "05.FitnessCenter", "05.FitnessCenter\05.FitnessCenter.csproj", "{89731E43-50B1-436A-98B7-D5FD0CBBA607}"
EndProject
Project("{FAE04EC0-301F-11D3-BF4B-00C04F79EFBC}") = "06.BasketballTournament", "06.BasketballTournament\06.BasketballTournament.csproj", "{35F73898-25F3-4C44-A953-33BA3492A7B5}"
EndProject
Global
	GlobalSection(SolutionConfigurationPlatforms) = preSolution
		Debug|Any CPU = Debug|Any CPU
		Release|Any CPU = Release|Any CPU
	EndGlobalSection
	GlobalSection(ProjectConfigurationPlatforms) = postSolution
		{CDB9FB70-6B44-4AD7-927A-77BABEE2602F}.Debug|Any CPU.ActiveCfg = Debug|Any CPU
		{CDB9FB70-6B44-4AD7-927A-77BABEE2602F}.Debug|Any CPU.Build.0 = Debug|Any CPU
		{CDB9FB70-6B44-4AD7-927A-77BABEE2602F}.Release|Any CPU.ActiveCfg = Release|Any CPU
		{CDB9FB70-6B44-4AD7-927A-77BABEE2602F}.Release|Any CPU.Build.0 = Release|Any CPU
		{CF9E3A82-8D3F-48B6-8637-380D08A8B8A7}.Debug|Any CPU.ActiveCfg = Debug|Any CPU
		{CF9E3A82-8D3F-48B6-8637-380D08A8B8A7}.Debug|Any CPU.Build.0 = Debug|Any CPU
		{CF9E3A82-8D3F-48B6-8637-380D08A8B8A7}.Release|Any CPU.ActiveCfg = Release|Any CPU
		{CF9E3A82-8D3F-48B6-8637-380D08A8B8A7}.Release|Any CPU.Build.0 = Release|Any CPU
		{E3AE3B14-C536-4A92-95D6-81BA027340FE}.Debug|Any CPU.ActiveCfg = Debug|Any CPU
		{E3AE3B14-C536-4A92-95D6-81BA027340FE}.Debug|Any CPU.Build.0 = Debug|Any CPU
		{E3AE3B14-C536-4A92-95D6-81BA027340FE}.Release|Any CPU.ActiveCfg = Release|Any CPU
		{E3AE3B14-C536-4A92-95D6-81BA027340FE}.Release|Any CPU.Build.0 = Release|Any CPU
		{190DED5F-E3F8-4CF1-953E-288E071F8887}.Debug|Any CPU.ActiveCfg = Debug|Any CPU
		{190DED5F-E3F8-4CF1-953E-288E071F8887}.Debug|Any CPU.Build.0 = Debug|Any CPU
		{190DED5F-E3F8-4CF1-953E-288E071F8887}.Release|Any CPU.ActiveCfg = Release|Any CPU
		{190DED5F-E3F8-4CF1-953E-288E071F8887}.Release|Any CPU.Build.0 = Release|Any CPU
		{89731E43-50B1-436A-98B7-D5FD0CBBA607}.Debug|Any CPU.ActiveCfg = Debug|Any CPU
		{89731E43-50B1-436A-98B7-D5FD0CBBA607}.Debug|Any CPU.Build.0 = Debug|Any CPU
		{89731E43-50B1-436A-98B7-D5FD0CBBA607}.Release|Any CPU.ActiveCfg = Release|Any CPU
		{89731E43-50B1-436A-98B7-D5FD0CBBA607}.Release|Any CPU.Build.0 = Release|Any CPU
		{35F73898-25F3-4C44-A953-33BA3492A7B5}.Debug|Any CPU.ActiveCfg = Debug|Any CPU
		{35F73898-25F3-4C44-A953-33BA3492A7B5}.Debug|Any CPU.Build.0 = Debug|Any CPU
		{35F73898-25F3-4C44-A953-33BA3492A7B5}.Release|Any CPU.ActiveCfg = Release|Any CPU
		{35F73898-25F3-4C44-A953-33BA3492A7B5}.Release|Any CPU.Build.0 = Release|Any CPU
	EndGlobalSection
	GlobalSection(SolutionProperties) = preSolution
		HideSolutionNode = FALSE
	EndGlobalSection
	GlobalSection(ExtensibilityGlobals) = postSolution
		SolutionGuid = {5916BD06-9AD7-4544-80E9-9C68B045968E}
	EndGlobalSection
EndGlobal
